
Microsoft Visual Studio Solution File, Format Version 12.00
# Visual Studio Version 16
VisualStudioVersion = 16.0.30611.23
MinimumVisualStudioVersion = 10.0.40219.1
Project("{8BC9CEB8-8B4A-11D0-8D11-00A0C91BC942}") = "ALL_BUILD", "ALL_BUILD.vcxproj", "{A9436C7A-6E62-37C4-8BCE-1E40C87172B0}"
	ProjectSection(ProjectDependencies) = postProject
		{15A92767-D44D-34D9-9D1F-AA262CCBBC05} = {15A92767-D44D-34D9-9D1F-AA262CCBBC05}
		{3851D4B5-A54C-3865-8E08-6A3B60A71776} = {3851D4B5-A54C-3865-8E08-6A3B60A71776}
		{021DD55F-91EB-3682-957D-6E16475939C5} = {021DD55F-91EB-3682-957D-6E16475939C5}
		{58F7F628-695D-34BF-A98B-B6D9FB8A749F} = {58F7F628-695D-34BF-A98B-B6D9FB8A749F}
		{5D392E6A-1DD4-3573-ABB7-CA867E92ACDC} = {5D392E6A-1DD4-3573-ABB7-CA867E92ACDC}
		{14318905-0579-3E1C-A039-3F6B40A11FDA} = {14318905-0579-3E1C-A039-3F6B40A11FDA}
		{A2A17AFD-0C08-3BA6-9016-0E3580393029} = {A2A17AFD-0C08-3BA6-9016-0E3580393029}
		{1EB03786-0AD3-3297-9A4C-F66239A53B30} = {1EB03786-0AD3-3297-9A4C-F66239A53B30}
		{C8541720-1A3C-3F5C-91BA-FA3541D3F5BA} = {C8541720-1A3C-3F5C-91BA-FA3541D3F5BA}
		{CD9DE73A-3A15-3F79-8DAE-C73EAEE1D40A} = {CD9DE73A-3A15-3F79-8DAE-C73EAEE1D40A}
		{914FA541-4FC9-3E5E-AC3F-7D5E3D185FF3} = {914FA541-4FC9-3E5E-AC3F-7D5E3D185FF3}
		{283E127A-530A-3836-984C-B86F2AC3F201} = {283E127A-530A-3836-984C-B86F2AC3F201}
		{2206B856-AEBC-3AD3-B450-735258704C10} = {2206B856-AEBC-3AD3-B450-735258704C10}
		{22FD00C0-4665-35A0-A568-FB392309B6CB} = {22FD00C0-4665-35A0-A568-FB392309B6CB}
		{9954C5BB-229D-310D-9A99-2559BD58B88B} = {9954C5BB-229D-310D-9A99-2559BD58B88B}
		{AA13AB2B-6760-37A4-8E03-C92702ACFFC0} = {AA13AB2B-6760-37A4-8E03-C92702ACFFC0}
		{005BE8FC-6BA4-3ABA-893C-D5EE0B62DA7B} = {005BE8FC-6BA4-3ABA-893C-D5EE0B62DA7B}
		{42B32472-8D96-3EA4-AA0F-7B9E96DFD8DF} = {42B32472-8D96-3EA4-AA0F-7B9E96DFD8DF}
		{EE5EC729-F572-35A7-81E5-E94374C7F352} = {EE5EC729-F572-35A7-81E5-E94374C7F352}
		{2CB5E9CE-FFA9-3288-8E6B-47409DA30692} = {2CB5E9CE-FFA9-3288-8E6B-47409DA30692}
		{76C34E6A-7F52-3493-A53A-A20327AB1D62} = {76C34E6A-7F52-3493-A53A-A20327AB1D62}
		{3F50A731-DAD4-374D-97AE-0F6F3EB35D57} = {3F50A731-DAD4-374D-97AE-0F6F3EB35D57}
		{9FB837D3-E0BE-3352-90B5-B2569EF6D839} = {9FB837D3-E0BE-3352-90B5-B2569EF6D839}
		{6C054CC4-14F5-3948-BDDB-131DF29B9285} = {6C054CC4-14F5-3948-BDDB-131DF29B9285}
		{7A85D446-5C94-3BFE-AE81-D44A6383BA83} = {7A85D446-5C94-3BFE-AE81-D44A6383BA83}
		{51799FA8-6FD0-314E-8E2E-4B692A75EDD6} = {51799FA8-6FD0-314E-8E2E-4B692A75EDD6}
		{08FB90AE-F397-3099-A203-278112093A72} = {08FB90AE-F397-3099-A203-278112093A72}
		{94593F38-EE96-3276-92F2-132671C98190} = {94593F38-EE96-3276-92F2-132671C98190}
		{91E5B866-C81D-3B4B-A0B9-9C517553E7E6} = {91E5B866-C81D-3B4B-A0B9-9C517553E7E6}
		{53CF4974-68DF-324C-99EE-FC028030BFF4} = {53CF4974-68DF-324C-99EE-FC028030BFF4}
		{9F4480A2-A7A8-38A3-B88C-DF3C828CB681} = {9F4480A2-A7A8-38A3-B88C-DF3C828CB681}
		{88F9F4AF-8E77-3350-B3FC-CA60A572D607} = {88F9F4AF-8E77-3350-B3FC-CA60A572D607}
		{9BD573BB-F0D6-39D4-9668-DF36D2F4DC3A} = {9BD573BB-F0D6-39D4-9668-DF36D2F4DC3A}
		{06375D1C-1867-3805-9528-6B8E5307B97A} = {06375D1C-1867-3805-9528-6B8E5307B97A}
		{81F4C684-5709-33AA-B5CC-B22FDF5A0A43} = {81F4C684-5709-33AA-B5CC-B22FDF5A0A43}
		{E3E72B4B-B34D-3DA3-AEF8-E2D5B5F0EB3E} = {E3E72B4B-B34D-3DA3-AEF8-E2D5B5F0EB3E}
		{367CB6ED-3BFD-344B-85EA-D8E13F0CA87F} = {367CB6ED-3BFD-344B-85EA-D8E13F0CA87F}
		{B099C143-B147-3990-B6C1-6B043184E5BE} = {B099C143-B147-3990-B6C1-6B043184E5BE}
		{C9017278-3EBA-3506-99B3-474EB3714C63} = {C9017278-3EBA-3506-99B3-474EB3714C63}
		{136757AC-0EC0-3D54-AE99-29D0ACE8D2D6} = {136757AC-0EC0-3D54-AE99-29D0ACE8D2D6}
		{A7999F47-2BBA-3F26-A8D3-A0799928450E} = {A7999F47-2BBA-3F26-A8D3-A0799928450E}
		{C3AA4B36-57E3-31C9-9CB8-BBE39286F3E3} = {C3AA4B36-57E3-31C9-9CB8-BBE39286F3E3}
		{3048D4C9-4279-3BE5-B24F-693A1845C914} = {3048D4C9-4279-3BE5-B24F-693A1845C914}
		{F120A5A1-2C22-3F50-8FD1-07AAF58276D4} = {F120A5A1-2C22-3F50-8FD1-07AAF58276D4}
		{8F75C09A-58B5-3CE7-AEED-EBB22B8F6950} = {8F75C09A-58B5-3CE7-AEED-EBB22B8F6950}
		{F04BFFBC-F059-38C3-98A7-A7CACAFC96FB} = {F04BFFBC-F059-38C3-98A7-A7CACAFC96FB}
		{B690CC56-F838-3071-988E-617BC9F39B77} = {B690CC56-F838-3071-988E-617BC9F39B77}
		{4BE211AC-6972-3112-BDD5-2A718E5498EB} = {4BE211AC-6972-3112-BDD5-2A718E5498EB}
		{4AE7F206-6A81-3A77-9227-7A83F1E76F11} = {4AE7F206-6A81-3A77-9227-7A83F1E76F11}
		{BE90A7AB-E1C2-35C6-B296-B57E6C994250} = {BE90A7AB-E1C2-35C6-B296-B57E6C994250}
		{C705B5A4-043E-34EC-AB4E-E6157965D3C7} = {C705B5A4-043E-34EC-AB4E-E6157965D3C7}
		{9158299C-1F71-3C65-A199-8D5642C7D497} = {9158299C-1F71-3C65-A199-8D5642C7D497}
		{691A2068-79DC-36E2-8048-66290B2A8ADC} = {691A2068-79DC-36E2-8048-66290B2A8ADC}
		{12880F48-2C88-3CCA-B2DF-1D2D60372C8E} = {12880F48-2C88-3CCA-B2DF-1D2D60372C8E}
		{4AAD5771-2152-3258-AFC9-AE248100DD5C} = {4AAD5771-2152-3258-AFC9-AE248100DD5C}
		{D8685F5B-9E41-3E28-AEAF-3CFCE1DF5495} = {D8685F5B-9E41-3E28-AEAF-3CFCE1DF5495}
		{32CC5FA4-5939-3209-BBAA-1FEA87603445} = {32CC5FA4-5939-3209-BBAA-1FEA87603445}
		{82DAB94E-5920-3450-9834-AD3C666F80DC} = {82DAB94E-5920-3450-9834-AD3C666F80DC}
		{3C685AA7-A670-3930-BEB2-80FEFF371771} = {3C685AA7-A670-3930-BEB2-80FEFF371771}
		{A9C64B27-AB12-3923-8F4F-8BD039323983} = {A9C64B27-AB12-3923-8F4F-8BD039323983}
		{02AE7F1D-3705-3565-B80F-BFD730B6B350} = {02AE7F1D-3705-3565-B80F-BFD730B6B350}
		{C5793DF8-0C3B-39EA-ABEE-450E1C8F545E} = {C5793DF8-0C3B-39EA-ABEE-450E1C8F545E}
		{5E8D0A67-15E1-3E13-A533-3BB478221AD3} = {5E8D0A67-15E1-3E13-A533-3BB478221AD3}
		{D9096A7B-132C-308E-9050-4D6B83D9CEAA} = {D9096A7B-132C-308E-9050-4D6B83D9CEAA}
		{E8339542-D4EF-3582-BEF9-924B113C7C1E} = {E8339542-D4EF-3582-BEF9-924B113C7C1E}
		{A87EE3D3-F813-364E-BE25-780894AE627E} = {A87EE3D3-F813-364E-BE25-780894AE627E}
		{402B1C30-8D35-3F94-A2DE-47429C20D3E0} = {402B1C30-8D35-3F94-A2DE-47429C20D3E0}
		{AEB1E7EF-F8C1-3B14-97A4-0F450B5A61B1} = {AEB1E7EF-F8C1-3B14-97A4-0F450B5A61B1}
		{4EDC8B08-9DC7-3598-B7EB-3EC854EE09B2} = {4EDC8B08-9DC7-3598-B7EB-3EC854EE09B2}
		{919017CA-4FC7-3B1A-A13A-2DC47CBEFF4E} = {919017CA-4FC7-3B1A-A13A-2DC47CBEFF4E}
		{C53B3123-CE71-38D2-83AB-7DFD62DBB1EB} = {C53B3123-CE71-38D2-83AB-7DFD62DBB1EB}
		{DCDB8F15-2745-3C46-BCEB-23AC38CA3A9C} = {DCDB8F15-2745-3C46-BCEB-23AC38CA3A9C}
		{6F731ECE-8E71-3998-B009-42540371E3EA} = {6F731ECE-8E71-3998-B009-42540371E3EA}
		{39B0E5E7-6F0C-3928-BB12-32ADC2C2375D} = {39B0E5E7-6F0C-3928-BB12-32ADC2C2375D}
		{BF9705C6-AB99-3498-9D3E-9D5048E4EFF2} = {BF9705C6-AB99-3498-9D3E-9D5048E4EFF2}
		{F87A3854-BB4D-3AA8-833F-520722B2851D} = {F87A3854-BB4D-3AA8-833F-520722B2851D}
		{5429292E-D760-3651-8894-374072E84C29} = {5429292E-D760-3651-8894-374072E84C29}
		{9E65F1D5-7F6A-39F8-8757-247A8426FA25} = {9E65F1D5-7F6A-39F8-8757-247A8426FA25}
		{72BBD214-0BCF-32A9-BFB1-15358588FD26} = {72BBD214-0BCF-32A9-BFB1-15358588FD26}
		{3DB1507F-F111-3A72-8EAC-2A85A5A87D5C} = {3DB1507F-F111-3A72-8EAC-2A85A5A87D5C}
		{898241E2-65CC-371C-B250-0958E33A3133} = {898241E2-65CC-371C-B250-0958E33A3133}
		{9387ACC4-F167-36DD-8E6C-A853E08BBE92} = {9387ACC4-F167-36DD-8E6C-A853E08BBE92}
		{08154388-C57C-3653-B739-3D76E79EE1A6} = {08154388-C57C-3653-B739-3D76E79EE1A6}
		{BCA6B51C-02EA-3DCA-B6A7-917AACE65375} = {BCA6B51C-02EA-3DCA-B6A7-917AACE65375}
		{60CE7B85-868B-3BDA-BA12-013E3053C119} = {60CE7B85-868B-3BDA-BA12-013E3053C119}
		{2FFA77AC-525E-3EB6-99FB-836ADF2039D2} = {2FFA77AC-525E-3EB6-99FB-836ADF2039D2}
		{A622C1A6-4AB6-3C3A-925D-46B0AB409860} = {A622C1A6-4AB6-3C3A-925D-46B0AB409860}
		{C9C38D90-839C-365F-8556-6F9E2E45EC29} = {C9C38D90-839C-365F-8556-6F9E2E45EC29}
		{348A3CAB-4C1C-356C-BFBC-272B58469973} = {348A3CAB-4C1C-356C-BFBC-272B58469973}
		{3BA0FE4E-B058-304A-A059-9331579A26BD} = {3BA0FE4E-B058-304A-A059-9331579A26BD}
		{ABA069C8-1A86-3346-8F1D-F93F1D72CAD4} = {ABA069C8-1A86-3346-8F1D-F93F1D72CAD4}
		{9B48DB03-0809-3364-AA8C-A0C97FAC62AF} = {9B48DB03-0809-3364-AA8C-A0C97FAC62AF}
	EndProjectSection
EndProject
Project("{8BC9CEB8-8B4A-11D0-8D11-00A0C91BC942}") = "01_HelloWorld", "Source\Samples\01_HelloWorld\01_HelloWorld.vcxproj", "{15A92767-D44D-34D9-9D1F-AA262CCBBC05}"
	ProjectSection(ProjectDependencies) = postProject
		{6F731ECE-8E71-3998-B009-42540371E3EA} = {6F731ECE-8E71-3998-B009-42540371E3EA}
		{9387ACC4-F167-36DD-8E6C-A853E08BBE92} = {9387ACC4-F167-36DD-8E6C-A853E08BBE92}
		{60CE7B85-868B-3BDA-BA12-013E3053C119} = {60CE7B85-868B-3BDA-BA12-013E3053C119}
	EndProjectSection
EndProject
Project("{8BC9CEB8-8B4A-11D0-8D11-00A0C91BC942}") = "02_HelloGUI", "Source\Samples\02_HelloGUI\02_HelloGUI.vcxproj", "{3851D4B5-A54C-3865-8E08-6A3B60A71776}"
	ProjectSection(ProjectDependencies) = postProject
		{6F731ECE-8E71-3998-B009-42540371E3EA} = {6F731ECE-8E71-3998-B009-42540371E3EA}
		{9387ACC4-F167-36DD-8E6C-A853E08BBE92} = {9387ACC4-F167-36DD-8E6C-A853E08BBE92}
		{60CE7B85-868B-3BDA-BA12-013E3053C119} = {60CE7B85-868B-3BDA-BA12-013E3053C119}
	EndProjectSection
EndProject
Project("{8BC9CEB8-8B4A-11D0-8D11-00A0C91BC942}") = "03_Sprites", "Source\Samples\03_Sprites\03_Sprites.vcxproj", "{021DD55F-91EB-3682-957D-6E16475939C5}"
	ProjectSection(ProjectDependencies) = postProject
		{6F731ECE-8E71-3998-B009-42540371E3EA} = {6F731ECE-8E71-3998-B009-42540371E3EA}
		{9387ACC4-F167-36DD-8E6C-A853E08BBE92} = {9387ACC4-F167-36DD-8E6C-A853E08BBE92}
		{60CE7B85-868B-3BDA-BA12-013E3053C119} = {60CE7B85-868B-3BDA-BA12-013E3053C119}
	EndProjectSection
EndProject
Project("{8BC9CEB8-8B4A-11D0-8D11-00A0C91BC942}") = "04_StaticScene", "Source\Samples\04_StaticScene\04_StaticScene.vcxproj", "{58F7F628-695D-34BF-A98B-B6D9FB8A749F}"
	ProjectSection(ProjectDependencies) = postProject
		{6F731ECE-8E71-3998-B009-42540371E3EA} = {6F731ECE-8E71-3998-B009-42540371E3EA}
		{9387ACC4-F167-36DD-8E6C-A853E08BBE92} = {9387ACC4-F167-36DD-8E6C-A853E08BBE92}
		{60CE7B85-868B-3BDA-BA12-013E3053C119} = {60CE7B85-868B-3BDA-BA12-013E3053C119}
	EndProjectSection
EndProject
Project("{8BC9CEB8-8B4A-11D0-8D11-00A0C91BC942}") = "05_AnimatingScene", "Source\Samples\05_AnimatingScene\05_AnimatingScene.vcxproj", "{5D392E6A-1DD4-3573-ABB7-CA867E92ACDC}"
	ProjectSection(ProjectDependencies) = postProject
		{6F731ECE-8E71-3998-B009-42540371E3EA} = {6F731ECE-8E71-3998-B009-42540371E3EA}
		{9387ACC4-F167-36DD-8E6C-A853E08BBE92} = {9387ACC4-F167-36DD-8E6C-A853E08BBE92}
		{60CE7B85-868B-3BDA-BA12-013E3053C119} = {60CE7B85-868B-3BDA-BA12-013E3053C119}
	EndProjectSection
EndProject
Project("{8BC9CEB8-8B4A-11D0-8D11-00A0C91BC942}") = "06_SkeletalAnimation", "Source\Samples\06_SkeletalAnimation\06_SkeletalAnimation.vcxproj", "{14318905-0579-3E1C-A039-3F6B40A11FDA}"
	ProjectSection(ProjectDependencies) = postProject
		{6F731ECE-8E71-3998-B009-42540371E3EA} = {6F731ECE-8E71-3998-B009-42540371E3EA}
		{9387ACC4-F167-36DD-8E6C-A853E08BBE92} = {9387ACC4-F167-36DD-8E6C-A853E08BBE92}
		{60CE7B85-868B-3BDA-BA12-013E3053C119} = {60CE7B85-868B-3BDA-BA12-013E3053C119}
	EndProjectSection
EndProject
Project("{8BC9CEB8-8B4A-11D0-8D11-00A0C91BC942}") = "07_Billboards", "Source\Samples\07_Billboards\07_Billboards.vcxproj", "{A2A17AFD-0C08-3BA6-9016-0E3580393029}"
	ProjectSection(ProjectDependencies) = postProject
		{6F731ECE-8E71-3998-B009-42540371E3EA} = {6F731ECE-8E71-3998-B009-42540371E3EA}
		{9387ACC4-F167-36DD-8E6C-A853E08BBE92} = {9387ACC4-F167-36DD-8E6C-A853E08BBE92}
		{60CE7B85-868B-3BDA-BA12-013E3053C119} = {60CE7B85-868B-3BDA-BA12-013E3053C119}
	EndProjectSection
EndProject
Project("{8BC9CEB8-8B4A-11D0-8D11-00A0C91BC942}") = "08_Decals", "Source\Samples\08_Decals\08_Decals.vcxproj", "{1EB03786-0AD3-3297-9A4C-F66239A53B30}"
	ProjectSection(ProjectDependencies) = postProject
		{6F731ECE-8E71-3998-B009-42540371E3EA} = {6F731ECE-8E71-3998-B009-42540371E3EA}
		{9387ACC4-F167-36DD-8E6C-A853E08BBE92} = {9387ACC4-F167-36DD-8E6C-A853E08BBE92}
		{60CE7B85-868B-3BDA-BA12-013E3053C119} = {60CE7B85-868B-3BDA-BA12-013E3053C119}
	EndProjectSection
EndProject
Project("{8BC9CEB8-8B4A-11D0-8D11-00A0C91BC942}") = "09_MultipleViewports", "Source\Samples\09_MultipleViewports\09_MultipleViewports.vcxproj", "{C8541720-1A3C-3F5C-91BA-FA3541D3F5BA}"
	ProjectSection(ProjectDependencies) = postProject
		{6F731ECE-8E71-3998-B009-42540371E3EA} = {6F731ECE-8E71-3998-B009-42540371E3EA}
		{9387ACC4-F167-36DD-8E6C-A853E08BBE92} = {9387ACC4-F167-36DD-8E6C-A853E08BBE92}
		{60CE7B85-868B-3BDA-BA12-013E3053C119} = {60CE7B85-868B-3BDA-BA12-013E3053C119}
	EndProjectSection
EndProject
Project("{8BC9CEB8-8B4A-11D0-8D11-00A0C91BC942}") = "10_RenderToTexture", "Source\Samples\10_RenderToTexture\10_RenderToTexture.vcxproj", "{CD9DE73A-3A15-3F79-8DAE-C73EAEE1D40A}"
	ProjectSection(ProjectDependencies) = postProject
		{6F731ECE-8E71-3998-B009-42540371E3EA} = {6F731ECE-8E71-3998-B009-42540371E3EA}
		{9387ACC4-F167-36DD-8E6C-A853E08BBE92} = {9387ACC4-F167-36DD-8E6C-A853E08BBE92}
		{60CE7B85-868B-3BDA-BA12-013E3053C119} = {60CE7B85-868B-3BDA-BA12-013E3053C119}
	EndProjectSection
EndProject
Project("{8BC9CEB8-8B4A-11D0-8D11-00A0C91BC942}") = "11_Physics", "Source\Samples\11_Physics\11_Physics.vcxproj", "{914FA541-4FC9-3E5E-AC3F-7D5E3D185FF3}"
	ProjectSection(ProjectDependencies) = postProject
		{6F731ECE-8E71-3998-B009-42540371E3EA} = {6F731ECE-8E71-3998-B009-42540371E3EA}
		{9387ACC4-F167-36DD-8E6C-A853E08BBE92} = {9387ACC4-F167-36DD-8E6C-A853E08BBE92}
		{60CE7B85-868B-3BDA-BA12-013E3053C119} = {60CE7B85-868B-3BDA-BA12-013E3053C119}
	EndProjectSection
EndProject
Project("{8BC9CEB8-8B4A-11D0-8D11-00A0C91BC942}") = "12_PhysicsStressTest", "Source\Samples\12_PhysicsStressTest\12_PhysicsStressTest.vcxproj", "{283E127A-530A-3836-984C-B86F2AC3F201}"
	ProjectSection(ProjectDependencies) = postProject
		{6F731ECE-8E71-3998-B009-42540371E3EA} = {6F731ECE-8E71-3998-B009-42540371E3EA}
		{9387ACC4-F167-36DD-8E6C-A853E08BBE92} = {9387ACC4-F167-36DD-8E6C-A853E08BBE92}
		{60CE7B85-868B-3BDA-BA12-013E3053C119} = {60CE7B85-868B-3BDA-BA12-013E3053C119}
	EndProjectSection
EndProject
Project("{8BC9CEB8-8B4A-11D0-8D11-00A0C91BC942}") = "13_Ragdolls", "Source\Samples\13_Ragdolls\13_Ragdolls.vcxproj", "{2206B856-AEBC-3AD3-B450-735258704C10}"
	ProjectSection(ProjectDependencies) = postProject
		{6F731ECE-8E71-3998-B009-42540371E3EA} = {6F731ECE-8E71-3998-B009-42540371E3EA}
		{9387ACC4-F167-36DD-8E6C-A853E08BBE92} = {9387ACC4-F167-36DD-8E6C-A853E08BBE92}
		{60CE7B85-868B-3BDA-BA12-013E3053C119} = {60CE7B85-868B-3BDA-BA12-013E3053C119}
	EndProjectSection
EndProject
Project("{8BC9CEB8-8B4A-11D0-8D11-00A0C91BC942}") = "14_SoundEffects", "Source\Samples\14_SoundEffects\14_SoundEffects.vcxproj", "{22FD00C0-4665-35A0-A568-FB392309B6CB}"
	ProjectSection(ProjectDependencies) = postProject
		{6F731ECE-8E71-3998-B009-42540371E3EA} = {6F731ECE-8E71-3998-B009-42540371E3EA}
		{9387ACC4-F167-36DD-8E6C-A853E08BBE92} = {9387ACC4-F167-36DD-8E6C-A853E08BBE92}
		{60CE7B85-868B-3BDA-BA12-013E3053C119} = {60CE7B85-868B-3BDA-BA12-013E3053C119}
	EndProjectSection
EndProject
Project("{8BC9CEB8-8B4A-11D0-8D11-00A0C91BC942}") = "15_Navigation", "Source\Samples\15_Navigation\15_Navigation.vcxproj", "{9954C5BB-229D-310D-9A99-2559BD58B88B}"
	ProjectSection(ProjectDependencies) = postProject
		{6F731ECE-8E71-3998-B009-42540371E3EA} = {6F731ECE-8E71-3998-B009-42540371E3EA}
		{9387ACC4-F167-36DD-8E6C-A853E08BBE92} = {9387ACC4-F167-36DD-8E6C-A853E08BBE92}
		{60CE7B85-868B-3BDA-BA12-013E3053C119} = {60CE7B85-868B-3BDA-BA12-013E3053C119}
	EndProjectSection
EndProject
Project("{8BC9CEB8-8B4A-11D0-8D11-00A0C91BC942}") = "16_Chat", "Source\Samples\16_Chat\16_Chat.vcxproj", "{AA13AB2B-6760-37A4-8E03-C92702ACFFC0}"
	ProjectSection(ProjectDependencies) = postProject
		{6F731ECE-8E71-3998-B009-42540371E3EA} = {6F731ECE-8E71-3998-B009-42540371E3EA}
		{9387ACC4-F167-36DD-8E6C-A853E08BBE92} = {9387ACC4-F167-36DD-8E6C-A853E08BBE92}
		{60CE7B85-868B-3BDA-BA12-013E3053C119} = {60CE7B85-868B-3BDA-BA12-013E3053C119}
	EndProjectSection
EndProject
Project("{8BC9CEB8-8B4A-11D0-8D11-00A0C91BC942}") = "17_SceneReplication", "Source\Samples\17_SceneReplication\17_SceneReplication.vcxproj", "{005BE8FC-6BA4-3ABA-893C-D5EE0B62DA7B}"
	ProjectSection(ProjectDependencies) = postProject
		{6F731ECE-8E71-3998-B009-42540371E3EA} = {6F731ECE-8E71-3998-B009-42540371E3EA}
		{9387ACC4-F167-36DD-8E6C-A853E08BBE92} = {9387ACC4-F167-36DD-8E6C-A853E08BBE92}
		{60CE7B85-868B-3BDA-BA12-013E3053C119} = {60CE7B85-868B-3BDA-BA12-013E3053C119}
	EndProjectSection
EndProject
Project("{8BC9CEB8-8B4A-11D0-8D11-00A0C91BC942}") = "18_CharacterDemo", "Source\Samples\18_CharacterDemo\18_CharacterDemo.vcxproj", "{42B32472-8D96-3EA4-AA0F-7B9E96DFD8DF}"
	ProjectSection(ProjectDependencies) = postProject
		{6F731ECE-8E71-3998-B009-42540371E3EA} = {6F731ECE-8E71-3998-B009-42540371E3EA}
		{9387ACC4-F167-36DD-8E6C-A853E08BBE92} = {9387ACC4-F167-36DD-8E6C-A853E08BBE92}
		{60CE7B85-868B-3BDA-BA12-013E3053C119} = {60CE7B85-868B-3BDA-BA12-013E3053C119}
	EndProjectSection
EndProject
Project("{8BC9CEB8-8B4A-11D0-8D11-00A0C91BC942}") = "19_VehicleDemo", "Source\Samples\19_VehicleDemo\19_VehicleDemo.vcxproj", "{EE5EC729-F572-35A7-81E5-E94374C7F352}"
	ProjectSection(ProjectDependencies) = postProject
		{6F731ECE-8E71-3998-B009-42540371E3EA} = {6F731ECE-8E71-3998-B009-42540371E3EA}
		{9387ACC4-F167-36DD-8E6C-A853E08BBE92} = {9387ACC4-F167-36DD-8E6C-A853E08BBE92}
		{60CE7B85-868B-3BDA-BA12-013E3053C119} = {60CE7B85-868B-3BDA-BA12-013E3053C119}
	EndProjectSection
EndProject
Project("{8BC9CEB8-8B4A-11D0-8D11-00A0C91BC942}") = "20_HugeObjectCount", "Source\Samples\20_HugeObjectCount\20_HugeObjectCount.vcxproj", "{2CB5E9CE-FFA9-3288-8E6B-47409DA30692}"
	ProjectSection(ProjectDependencies) = postProject
		{6F731ECE-8E71-3998-B009-42540371E3EA} = {6F731ECE-8E71-3998-B009-42540371E3EA}
		{9387ACC4-F167-36DD-8E6C-A853E08BBE92} = {9387ACC4-F167-36DD-8E6C-A853E08BBE92}
		{60CE7B85-868B-3BDA-BA12-013E3053C119} = {60CE7B85-868B-3BDA-BA12-013E3053C119}
	EndProjectSection
EndProject
Project("{8BC9CEB8-8B4A-11D0-8D11-00A0C91BC942}") = "21_AngelScriptIntegration", "Source\Samples\21_AngelScriptIntegration\21_AngelScriptIntegration.vcxproj", "{76C34E6A-7F52-3493-A53A-A20327AB1D62}"
	ProjectSection(ProjectDependencies) = postProject
		{6F731ECE-8E71-3998-B009-42540371E3EA} = {6F731ECE-8E71-3998-B009-42540371E3EA}
		{9387ACC4-F167-36DD-8E6C-A853E08BBE92} = {9387ACC4-F167-36DD-8E6C-A853E08BBE92}
		{60CE7B85-868B-3BDA-BA12-013E3053C119} = {60CE7B85-868B-3BDA-BA12-013E3053C119}
	EndProjectSection
EndProject
Project("{8BC9CEB8-8B4A-11D0-8D11-00A0C91BC942}") = "22_LuaIntegration", "Source\Samples\22_LuaIntegration\22_LuaIntegration.vcxproj", "{3F50A731-DAD4-374D-97AE-0F6F3EB35D57}"
	ProjectSection(ProjectDependencies) = postProject
		{6F731ECE-8E71-3998-B009-42540371E3EA} = {6F731ECE-8E71-3998-B009-42540371E3EA}
		{9387ACC4-F167-36DD-8E6C-A853E08BBE92} = {9387ACC4-F167-36DD-8E6C-A853E08BBE92}
		{60CE7B85-868B-3BDA-BA12-013E3053C119} = {60CE7B85-868B-3BDA-BA12-013E3053C119}
	EndProjectSection
EndProject
Project("{8BC9CEB8-8B4A-11D0-8D11-00A0C91BC942}") = "23_Water", "Source\Samples\23_Water\23_Water.vcxproj", "{9FB837D3-E0BE-3352-90B5-B2569EF6D839}"
	ProjectSection(ProjectDependencies) = postProject
		{6F731ECE-8E71-3998-B009-42540371E3EA} = {6F731ECE-8E71-3998-B009-42540371E3EA}
		{9387ACC4-F167-36DD-8E6C-A853E08BBE92} = {9387ACC4-F167-36DD-8E6C-A853E08BBE92}
		{60CE7B85-868B-3BDA-BA12-013E3053C119} = {60CE7B85-868B-3BDA-BA12-013E3053C119}
	EndProjectSection
EndProject
Project("{8BC9CEB8-8B4A-11D0-8D11-00A0C91BC942}") = "24_Urho2DSprite", "Source\Samples\24_Urho2DSprite\24_Urho2DSprite.vcxproj", "{6C054CC4-14F5-3948-BDDB-131DF29B9285}"
	ProjectSection(ProjectDependencies) = postProject
		{6F731ECE-8E71-3998-B009-42540371E3EA} = {6F731ECE-8E71-3998-B009-42540371E3EA}
		{9387ACC4-F167-36DD-8E6C-A853E08BBE92} = {9387ACC4-F167-36DD-8E6C-A853E08BBE92}
		{60CE7B85-868B-3BDA-BA12-013E3053C119} = {60CE7B85-868B-3BDA-BA12-013E3053C119}
	EndProjectSection
EndProject
Project("{8BC9CEB8-8B4A-11D0-8D11-00A0C91BC942}") = "25_Urho2DParticle", "Source\Samples\25_Urho2DParticle\25_Urho2DParticle.vcxproj", "{7A85D446-5C94-3BFE-AE81-D44A6383BA83}"
	ProjectSection(ProjectDependencies) = postProject
		{6F731ECE-8E71-3998-B009-42540371E3EA} = {6F731ECE-8E71-3998-B009-42540371E3EA}
		{9387ACC4-F167-36DD-8E6C-A853E08BBE92} = {9387ACC4-F167-36DD-8E6C-A853E08BBE92}
		{60CE7B85-868B-3BDA-BA12-013E3053C119} = {60CE7B85-868B-3BDA-BA12-013E3053C119}
	EndProjectSection
EndProject
Project("{8BC9CEB8-8B4A-11D0-8D11-00A0C91BC942}") = "26_ConsoleInput", "Source\Samples\26_ConsoleInput\26_ConsoleInput.vcxproj", "{51799FA8-6FD0-314E-8E2E-4B692A75EDD6}"
	ProjectSection(ProjectDependencies) = postProject
		{6F731ECE-8E71-3998-B009-42540371E3EA} = {6F731ECE-8E71-3998-B009-42540371E3EA}
		{9387ACC4-F167-36DD-8E6C-A853E08BBE92} = {9387ACC4-F167-36DD-8E6C-A853E08BBE92}
		{60CE7B85-868B-3BDA-BA12-013E3053C119} = {60CE7B85-868B-3BDA-BA12-013E3053C119}
	EndProjectSection
EndProject
Project("{8BC9CEB8-8B4A-11D0-8D11-00A0C91BC942}") = "27_Urho2DPhysics", "Source\Samples\27_Urho2DPhysics\27_Urho2DPhysics.vcxproj", "{08FB90AE-F397-3099-A203-278112093A72}"
	ProjectSection(ProjectDependencies) = postProject
		{6F731ECE-8E71-3998-B009-42540371E3EA} = {6F731ECE-8E71-3998-B009-42540371E3EA}
		{9387ACC4-F167-36DD-8E6C-A853E08BBE92} = {9387ACC4-F167-36DD-8E6C-A853E08BBE92}
		{60CE7B85-868B-3BDA-BA12-013E3053C119} = {60CE7B85-868B-3BDA-BA12-013E3053C119}
	EndProjectSection
EndProject
Project("{8BC9CEB8-8B4A-11D0-8D11-00A0C91BC942}") = "28_Urho2DPhysicsRope", "Source\Samples\28_Urho2DPhysicsRope\28_Urho2DPhysicsRope.vcxproj", "{94593F38-EE96-3276-92F2-132671C98190}"
	ProjectSection(ProjectDependencies) = postProject
		{6F731ECE-8E71-3998-B009-42540371E3EA} = {6F731ECE-8E71-3998-B009-42540371E3EA}
		{9387ACC4-F167-36DD-8E6C-A853E08BBE92} = {9387ACC4-F167-36DD-8E6C-A853E08BBE92}
		{60CE7B85-868B-3BDA-BA12-013E3053C119} = {60CE7B85-868B-3BDA-BA12-013E3053C119}
	EndProjectSection
EndProject
Project("{8BC9CEB8-8B4A-11D0-8D11-00A0C91BC942}") = "29_SoundSynthesis", "Source\Samples\29_SoundSynthesis\29_SoundSynthesis.vcxproj", "{91E5B866-C81D-3B4B-A0B9-9C517553E7E6}"
	ProjectSection(ProjectDependencies) = postProject
		{6F731ECE-8E71-3998-B009-42540371E3EA} = {6F731ECE-8E71-3998-B009-42540371E3EA}
		{9387ACC4-F167-36DD-8E6C-A853E08BBE92} = {9387ACC4-F167-36DD-8E6C-A853E08BBE92}
		{60CE7B85-868B-3BDA-BA12-013E3053C119} = {60CE7B85-868B-3BDA-BA12-013E3053C119}
	EndProjectSection
EndProject
Project("{8BC9CEB8-8B4A-11D0-8D11-00A0C91BC942}") = "30_LightAnimation", "Source\Samples\30_LightAnimation\30_LightAnimation.vcxproj", "{53CF4974-68DF-324C-99EE-FC028030BFF4}"
	ProjectSection(ProjectDependencies) = postProject
		{6F731ECE-8E71-3998-B009-42540371E3EA} = {6F731ECE-8E71-3998-B009-42540371E3EA}
		{9387ACC4-F167-36DD-8E6C-A853E08BBE92} = {9387ACC4-F167-36DD-8E6C-A853E08BBE92}
		{60CE7B85-868B-3BDA-BA12-013E3053C119} = {60CE7B85-868B-3BDA-BA12-013E3053C119}
	EndProjectSection
EndProject
Project("{8BC9CEB8-8B4A-11D0-8D11-00A0C91BC942}") = "31_MaterialAnimation", "Source\Samples\31_MaterialAnimation\31_MaterialAnimation.vcxproj", "{9F4480A2-A7A8-38A3-B88C-DF3C828CB681}"
	ProjectSection(ProjectDependencies) = postProject
		{6F731ECE-8E71-3998-B009-42540371E3EA} = {6F731ECE-8E71-3998-B009-42540371E3EA}
		{9387ACC4-F167-36DD-8E6C-A853E08BBE92} = {9387ACC4-F167-36DD-8E6C-A853E08BBE92}
		{60CE7B85-868B-3BDA-BA12-013E3053C119} = {60CE7B85-868B-3BDA-BA12-013E3053C119}
	EndProjectSection
EndProject
Project("{8BC9CEB8-8B4A-11D0-8D11-00A0C91BC942}") = "32_Urho2DConstraints", "Source\Samples\32_Urho2DConstraints\32_Urho2DConstraints.vcxproj", "{88F9F4AF-8E77-3350-B3FC-CA60A572D607}"
	ProjectSection(ProjectDependencies) = postProject
		{6F731ECE-8E71-3998-B009-42540371E3EA} = {6F731ECE-8E71-3998-B009-42540371E3EA}
		{9387ACC4-F167-36DD-8E6C-A853E08BBE92} = {9387ACC4-F167-36DD-8E6C-A853E08BBE92}
		{60CE7B85-868B-3BDA-BA12-013E3053C119} = {60CE7B85-868B-3BDA-BA12-013E3053C119}
	EndProjectSection
EndProject
Project("{8BC9CEB8-8B4A-11D0-8D11-00A0C91BC942}") = "33_Urho2DSpriterAnimation", "Source\Samples\33_Urho2DSpriterAnimation\33_Urho2DSpriterAnimation.vcxproj", "{9BD573BB-F0D6-39D4-9668-DF36D2F4DC3A}"
	ProjectSection(ProjectDependencies) = postProject
		{6F731ECE-8E71-3998-B009-42540371E3EA} = {6F731ECE-8E71-3998-B009-42540371E3EA}
		{9387ACC4-F167-36DD-8E6C-A853E08BBE92} = {9387ACC4-F167-36DD-8E6C-A853E08BBE92}
		{60CE7B85-868B-3BDA-BA12-013E3053C119} = {60CE7B85-868B-3BDA-BA12-013E3053C119}
	EndProjectSection
EndProject
Project("{8BC9CEB8-8B4A-11D0-8D11-00A0C91BC942}") = "34_DynamicGeometry", "Source\Samples\34_DynamicGeometry\34_DynamicGeometry.vcxproj", "{06375D1C-1867-3805-9528-6B8E5307B97A}"
	ProjectSection(ProjectDependencies) = postProject
		{6F731ECE-8E71-3998-B009-42540371E3EA} = {6F731ECE-8E71-3998-B009-42540371E3EA}
		{9387ACC4-F167-36DD-8E6C-A853E08BBE92} = {9387ACC4-F167-36DD-8E6C-A853E08BBE92}
		{60CE7B85-868B-3BDA-BA12-013E3053C119} = {60CE7B85-868B-3BDA-BA12-013E3053C119}
	EndProjectSection
EndProject
Project("{8BC9CEB8-8B4A-11D0-8D11-00A0C91BC942}") = "35_SignedDistanceFieldText", "Source\Samples\35_SignedDistanceFieldText\35_SignedDistanceFieldText.vcxproj", "{81F4C684-5709-33AA-B5CC-B22FDF5A0A43}"
	ProjectSection(ProjectDependencies) = postProject
		{6F731ECE-8E71-3998-B009-42540371E3EA} = {6F731ECE-8E71-3998-B009-42540371E3EA}
		{9387ACC4-F167-36DD-8E6C-A853E08BBE92} = {9387ACC4-F167-36DD-8E6C-A853E08BBE92}
		{60CE7B85-868B-3BDA-BA12-013E3053C119} = {60CE7B85-868B-3BDA-BA12-013E3053C119}
	EndProjectSection
EndProject
Project("{8BC9CEB8-8B4A-11D0-8D11-00A0C91BC942}") = "36_Urho2DTileMap", "Source\Samples\36_Urho2DTileMap\36_Urho2DTileMap.vcxproj", "{E3E72B4B-B34D-3DA3-AEF8-E2D5B5F0EB3E}"
	ProjectSection(ProjectDependencies) = postProject
		{6F731ECE-8E71-3998-B009-42540371E3EA} = {6F731ECE-8E71-3998-B009-42540371E3EA}
		{9387ACC4-F167-36DD-8E6C-A853E08BBE92} = {9387ACC4-F167-36DD-8E6C-A853E08BBE92}
		{60CE7B85-868B-3BDA-BA12-013E3053C119} = {60CE7B85-868B-3BDA-BA12-013E3053C119}
	EndProjectSection
EndProject
Project("{8BC9CEB8-8B4A-11D0-8D11-00A0C91BC942}") = "37_UIDrag", "Source\Samples\37_UIDrag\37_UIDrag.vcxproj", "{367CB6ED-3BFD-344B-85EA-D8E13F0CA87F}"
	ProjectSection(ProjectDependencies) = postProject
		{6F731ECE-8E71-3998-B009-42540371E3EA} = {6F731ECE-8E71-3998-B009-42540371E3EA}
		{9387ACC4-F167-36DD-8E6C-A853E08BBE92} = {9387ACC4-F167-36DD-8E6C-A853E08BBE92}
		{60CE7B85-868B-3BDA-BA12-013E3053C119} = {60CE7B85-868B-3BDA-BA12-013E3053C119}
	EndProjectSection
EndProject
Project("{8BC9CEB8-8B4A-11D0-8D11-00A0C91BC942}") = "38_SceneAndUILoad", "Source\Samples\38_SceneAndUILoad\38_SceneAndUILoad.vcxproj", "{B099C143-B147-3990-B6C1-6B043184E5BE}"
	ProjectSection(ProjectDependencies) = postProject
		{6F731ECE-8E71-3998-B009-42540371E3EA} = {6F731ECE-8E71-3998-B009-42540371E3EA}
		{9387ACC4-F167-36DD-8E6C-A853E08BBE92} = {9387ACC4-F167-36DD-8E6C-A853E08BBE92}
		{60CE7B85-868B-3BDA-BA12-013E3053C119} = {60CE7B85-868B-3BDA-BA12-013E3053C119}
	EndProjectSection
EndProject
Project("{8BC9CEB8-8B4A-11D0-8D11-00A0C91BC942}") = "39_CrowdNavigation", "Source\Samples\39_CrowdNavigation\39_CrowdNavigation.vcxproj", "{C9017278-3EBA-3506-99B3-474EB3714C63}"
	ProjectSection(ProjectDependencies) = postProject
		{6F731ECE-8E71-3998-B009-42540371E3EA} = {6F731ECE-8E71-3998-B009-42540371E3EA}
		{9387ACC4-F167-36DD-8E6C-A853E08BBE92} = {9387ACC4-F167-36DD-8E6C-A853E08BBE92}
		{60CE7B85-868B-3BDA-BA12-013E3053C119} = {60CE7B85-868B-3BDA-BA12-013E3053C119}
	EndProjectSection
EndProject
Project("{8BC9CEB8-8B4A-11D0-8D11-00A0C91BC942}") = "40_Localization", "Source\Samples\40_Localization\40_Localization.vcxproj", "{136757AC-0EC0-3D54-AE99-29D0ACE8D2D6}"
	ProjectSection(ProjectDependencies) = postProject
		{6F731ECE-8E71-3998-B009-42540371E3EA} = {6F731ECE-8E71-3998-B009-42540371E3EA}
		{9387ACC4-F167-36DD-8E6C-A853E08BBE92} = {9387ACC4-F167-36DD-8E6C-A853E08BBE92}
		{60CE7B85-868B-3BDA-BA12-013E3053C119} = {60CE7B85-868B-3BDA-BA12-013E3053C119}
	EndProjectSection
EndProject
Project("{8BC9CEB8-8B4A-11D0-8D11-00A0C91BC942}") = "42_PBRMaterials", "Source\Samples\42_PBRMaterials\42_PBRMaterials.vcxproj", "{A7999F47-2BBA-3F26-A8D3-A0799928450E}"
	ProjectSection(ProjectDependencies) = postProject
		{DCDB8F15-2745-3C46-BCEB-23AC38CA3A9C} = {DCDB8F15-2745-3C46-BCEB-23AC38CA3A9C}
		{9387ACC4-F167-36DD-8E6C-A853E08BBE92} = {9387ACC4-F167-36DD-8E6C-A853E08BBE92}
		{60CE7B85-868B-3BDA-BA12-013E3053C119} = {60CE7B85-868B-3BDA-BA12-013E3053C119}
	EndProjectSection
EndProject
Project("{8BC9CEB8-8B4A-11D0-8D11-00A0C91BC942}") = "43_HttpRequestDemo", "Source\Samples\43_HttpRequestDemo\43_HttpRequestDemo.vcxproj", "{C3AA4B36-57E3-31C9-9CB8-BBE39286F3E3}"
	ProjectSection(ProjectDependencies) = postProject
		{6F731ECE-8E71-3998-B009-42540371E3EA} = {6F731ECE-8E71-3998-B009-42540371E3EA}
		{9387ACC4-F167-36DD-8E6C-A853E08BBE92} = {9387ACC4-F167-36DD-8E6C-A853E08BBE92}
		{60CE7B85-868B-3BDA-BA12-013E3053C119} = {60CE7B85-868B-3BDA-BA12-013E3053C119}
	EndProjectSection
EndProject
Project("{8BC9CEB8-8B4A-11D0-8D11-00A0C91BC942}") = "44_RibbonTrailDemo", "Source\Samples\44_RibbonTrailDemo\44_RibbonTrailDemo.vcxproj", "{3048D4C9-4279-3BE5-B24F-693A1845C914}"
	ProjectSection(ProjectDependencies) = postProject
		{6F731ECE-8E71-3998-B009-42540371E3EA} = {6F731ECE-8E71-3998-B009-42540371E3EA}
		{9387ACC4-F167-36DD-8E6C-A853E08BBE92} = {9387ACC4-F167-36DD-8E6C-A853E08BBE92}
		{60CE7B85-868B-3BDA-BA12-013E3053C119} = {60CE7B85-868B-3BDA-BA12-013E3053C119}
	EndProjectSection
EndProject
Project("{8BC9CEB8-8B4A-11D0-8D11-00A0C91BC942}") = "45_InverseKinematics", "Source\Samples\45_InverseKinematics\45_InverseKinematics.vcxproj", "{F120A5A1-2C22-3F50-8FD1-07AAF58276D4}"
	ProjectSection(ProjectDependencies) = postProject
		{6F731ECE-8E71-3998-B009-42540371E3EA} = {6F731ECE-8E71-3998-B009-42540371E3EA}
		{9387ACC4-F167-36DD-8E6C-A853E08BBE92} = {9387ACC4-F167-36DD-8E6C-A853E08BBE92}
		{60CE7B85-868B-3BDA-BA12-013E3053C119} = {60CE7B85-868B-3BDA-BA12-013E3053C119}
	EndProjectSection
EndProject
Project("{8BC9CEB8-8B4A-11D0-8D11-00A0C91BC942}") = "46_RaycastVehicle", "Source\Samples\46_RaycastVehicle\46_RaycastVehicle.vcxproj", "{8F75C09A-58B5-3CE7-AEED-EBB22B8F6950}"
	ProjectSection(ProjectDependencies) = postProject
		{6F731ECE-8E71-3998-B009-42540371E3EA} = {6F731ECE-8E71-3998-B009-42540371E3EA}
		{9387ACC4-F167-36DD-8E6C-A853E08BBE92} = {9387ACC4-F167-36DD-8E6C-A853E08BBE92}
		{60CE7B85-868B-3BDA-BA12-013E3053C119} = {60CE7B85-868B-3BDA-BA12-013E3053C119}
	EndProjectSection
EndProject
Project("{8BC9CEB8-8B4A-11D0-8D11-00A0C91BC942}") = "47_Typography", "Source\Samples\47_Typography\47_Typography.vcxproj", "{F04BFFBC-F059-38C3-98A7-A7CACAFC96FB}"
	ProjectSection(ProjectDependencies) = postProject
		{6F731ECE-8E71-3998-B009-42540371E3EA} = {6F731ECE-8E71-3998-B009-42540371E3EA}
		{9387ACC4-F167-36DD-8E6C-A853E08BBE92} = {9387ACC4-F167-36DD-8E6C-A853E08BBE92}
		{60CE7B85-868B-3BDA-BA12-013E3053C119} = {60CE7B85-868B-3BDA-BA12-013E3053C119}
	EndProjectSection
EndProject
Project("{8BC9CEB8-8B4A-11D0-8D11-00A0C91BC942}") = "48_Hello3DUI", "Source\Samples\48_Hello3DUI\48_Hello3DUI.vcxproj", "{B690CC56-F838-3071-988E-617BC9F39B77}"
	ProjectSection(ProjectDependencies) = postProject
		{6F731ECE-8E71-3998-B009-42540371E3EA} = {6F731ECE-8E71-3998-B009-42540371E3EA}
		{9387ACC4-F167-36DD-8E6C-A853E08BBE92} = {9387ACC4-F167-36DD-8E6C-A853E08BBE92}
		{60CE7B85-868B-3BDA-BA12-013E3053C119} = {60CE7B85-868B-3BDA-BA12-013E3053C119}
	EndProjectSection
EndProject
Project("{8BC9CEB8-8B4A-11D0-8D11-00A0C91BC942}") = "49_Urho2DIsometricDemo", "Source\Samples\49_Urho2DIsometricDemo\49_Urho2DIsometricDemo.vcxproj", "{4BE211AC-6972-3112-BDD5-2A718E5498EB}"
	ProjectSection(ProjectDependencies) = postProject
		{6F731ECE-8E71-3998-B009-42540371E3EA} = {6F731ECE-8E71-3998-B009-42540371E3EA}
		{9387ACC4-F167-36DD-8E6C-A853E08BBE92} = {9387ACC4-F167-36DD-8E6C-A853E08BBE92}
		{60CE7B85-868B-3BDA-BA12-013E3053C119} = {60CE7B85-868B-3BDA-BA12-013E3053C119}
	EndProjectSection
EndProject
Project("{8BC9CEB8-8B4A-11D0-8D11-00A0C91BC942}") = "50_Urho2DPlatformer", "Source\Samples\50_Urho2DPlatformer\50_Urho2DPlatformer.vcxproj", "{4AE7F206-6A81-3A77-9227-7A83F1E76F11}"
	ProjectSection(ProjectDependencies) = postProject
		{6F731ECE-8E71-3998-B009-42540371E3EA} = {6F731ECE-8E71-3998-B009-42540371E3EA}
		{9387ACC4-F167-36DD-8E6C-A853E08BBE92} = {9387ACC4-F167-36DD-8E6C-A853E08BBE92}
		{60CE7B85-868B-3BDA-BA12-013E3053C119} = {60CE7B85-868B-3BDA-BA12-013E3053C119}
	EndProjectSection
EndProject
Project("{8BC9CEB8-8B4A-11D0-8D11-00A0C91BC942}") = "51_Urho2DStretchableSprite", "Source\Samples\51_Urho2DStretchableSprite\51_Urho2DStretchableSprite.vcxproj", "{BE90A7AB-E1C2-35C6-B296-B57E6C994250}"
	ProjectSection(ProjectDependencies) = postProject
		{6F731ECE-8E71-3998-B009-42540371E3EA} = {6F731ECE-8E71-3998-B009-42540371E3EA}
		{9387ACC4-F167-36DD-8E6C-A853E08BBE92} = {9387ACC4-F167-36DD-8E6C-A853E08BBE92}
		{60CE7B85-868B-3BDA-BA12-013E3053C119} = {60CE7B85-868B-3BDA-BA12-013E3053C119}
	EndProjectSection
EndProject
Project("{8BC9CEB8-8B4A-11D0-8D11-00A0C91BC942}") = "52_NATPunchtrough", "Source\Samples\52_NATPunchtrough\52_NATPunchtrough.vcxproj", "{C705B5A4-043E-34EC-AB4E-E6157965D3C7}"
	ProjectSection(ProjectDependencies) = postProject
		{6F731ECE-8E71-3998-B009-42540371E3EA} = {6F731ECE-8E71-3998-B009-42540371E3EA}
		{9387ACC4-F167-36DD-8E6C-A853E08BBE92} = {9387ACC4-F167-36DD-8E6C-A853E08BBE92}
		{60CE7B85-868B-3BDA-BA12-013E3053C119} = {60CE7B85-868B-3BDA-BA12-013E3053C119}
	EndProjectSection
EndProject
Project("{8BC9CEB8-8B4A-11D0-8D11-00A0C91BC942}") = "53_LANDiscovery", "Source\Samples\53_LANDiscovery\53_LANDiscovery.vcxproj", "{9158299C-1F71-3C65-A199-8D5642C7D497}"
	ProjectSection(ProjectDependencies) = postProject
		{6F731ECE-8E71-3998-B009-42540371E3EA} = {6F731ECE-8E71-3998-B009-42540371E3EA}
		{9387ACC4-F167-36DD-8E6C-A853E08BBE92} = {9387ACC4-F167-36DD-8E6C-A853E08BBE92}
		{60CE7B85-868B-3BDA-BA12-013E3053C119} = {60CE7B85-868B-3BDA-BA12-013E3053C119}
	EndProjectSection
EndProject
Project("{8BC9CEB8-8B4A-11D0-8D11-00A0C91BC942}") = "54_WindowSettingsDemo", "Source\Samples\54_WindowSettingsDemo\54_WindowSettingsDemo.vcxproj", "{691A2068-79DC-36E2-8048-66290B2A8ADC}"
	ProjectSection(ProjectDependencies) = postProject
		{6F731ECE-8E71-3998-B009-42540371E3EA} = {6F731ECE-8E71-3998-B009-42540371E3EA}
		{9387ACC4-F167-36DD-8E6C-A853E08BBE92} = {9387ACC4-F167-36DD-8E6C-A853E08BBE92}
		{60CE7B85-868B-3BDA-BA12-013E3053C119} = {60CE7B85-868B-3BDA-BA12-013E3053C119}
	EndProjectSection
EndProject
Project("{8BC9CEB8-8B4A-11D0-8D11-00A0C91BC942}") = "AngelScript", "Source\ThirdParty\AngelScript\AngelScript.vcxproj", "{12880F48-2C88-3CCA-B2DF-1D2D60372C8E}"
	ProjectSection(ProjectDependencies) = postProject
		{60CE7B85-868B-3BDA-BA12-013E3053C119} = {60CE7B85-868B-3BDA-BA12-013E3053C119}
	EndProjectSection
EndProject
Project("{8BC9CEB8-8B4A-11D0-8D11-00A0C91BC942}") = "AssetImporter", "Source\Tools\AssetImporter\AssetImporter.vcxproj", "{4AAD5771-2152-3258-AFC9-AE248100DD5C}"
	ProjectSection(ProjectDependencies) = postProject
		{D8685F5B-9E41-3E28-AEAF-3CFCE1DF5495} = {D8685F5B-9E41-3E28-AEAF-3CFCE1DF5495}
		{9387ACC4-F167-36DD-8E6C-A853E08BBE92} = {9387ACC4-F167-36DD-8E6C-A853E08BBE92}
		{60CE7B85-868B-3BDA-BA12-013E3053C119} = {60CE7B85-868B-3BDA-BA12-013E3053C119}
	EndProjectSection
EndProject
Project("{8BC9CEB8-8B4A-11D0-8D11-00A0C91BC942}") = "Assimp", "Source\ThirdParty\Assimp\code\Assimp.vcxproj", "{D8685F5B-9E41-3E28-AEAF-3CFCE1DF5495}"
	ProjectSection(ProjectDependencies) = postProject
		{9387ACC4-F167-36DD-8E6C-A853E08BBE92} = {9387ACC4-F167-36DD-8E6C-A853E08BBE92}
		{60CE7B85-868B-3BDA-BA12-013E3053C119} = {60CE7B85-868B-3BDA-BA12-013E3053C119}
	EndProjectSection
EndProject
Project("{8BC9CEB8-8B4A-11D0-8D11-00A0C91BC942}") = "Box2D", "Source\ThirdParty\Box2D\Box2D.vcxproj", "{32CC5FA4-5939-3209-BBAA-1FEA87603445}"
	ProjectSection(ProjectDependencies) = postProject
		{60CE7B85-868B-3BDA-BA12-013E3053C119} = {60CE7B85-868B-3BDA-BA12-013E3053C119}
	EndProjectSection
EndProject
Project("{8BC9CEB8-8B4A-11D0-8D11-00A0C91BC942}") = "Bullet", "Source\ThirdParty\Bullet\Bullet.vcxproj", "{82DAB94E-5920-3450-9834-AD3C666F80DC}"
	ProjectSection(ProjectDependencies) = postProject
		{60CE7B85-868B-3BDA-BA12-013E3053C119} = {60CE7B85-868B-3BDA-BA12-013E3053C119}
	EndProjectSection
EndProject
Project("{8BC9CEB8-8B4A-11D0-8D11-00A0C91BC942}") = "Civetweb", "Source\ThirdParty\Civetweb\Civetweb.vcxproj", "{3C685AA7-A670-3930-BEB2-80FEFF371771}"
	ProjectSection(ProjectDependencies) = postProject
		{60CE7B85-868B-3BDA-BA12-013E3053C119} = {60CE7B85-868B-3BDA-BA12-013E3053C119}
	EndProjectSection
EndProject
Project("{8BC9CEB8-8B4A-11D0-8D11-00A0C91BC942}") = "Detour", "Source\ThirdParty\Detour\Detour.vcxproj", "{A9C64B27-AB12-3923-8F4F-8BD039323983}"
	ProjectSection(ProjectDependencies) = postProject
		{60CE7B85-868B-3BDA-BA12-013E3053C119} = {60CE7B85-868B-3BDA-BA12-013E3053C119}
	EndProjectSection
EndProject
Project("{8BC9CEB8-8B4A-11D0-8D11-00A0C91BC942}") = "DetourCrowd", "Source\ThirdParty\DetourCrowd\DetourCrowd.vcxproj", "{02AE7F1D-3705-3565-B80F-BFD730B6B350}"
	ProjectSection(ProjectDependencies) = postProject
		{60CE7B85-868B-3BDA-BA12-013E3053C119} = {60CE7B85-868B-3BDA-BA12-013E3053C119}
	EndProjectSection
EndProject
Project("{8BC9CEB8-8B4A-11D0-8D11-00A0C91BC942}") = "DetourTileCache", "Source\ThirdParty\DetourTileCache\DetourTileCache.vcxproj", "{C5793DF8-0C3B-39EA-ABEE-450E1C8F545E}"
	ProjectSection(ProjectDependencies) = postProject
		{60CE7B85-868B-3BDA-BA12-013E3053C119} = {60CE7B85-868B-3BDA-BA12-013E3053C119}
	EndProjectSection
EndProject
Project("{8BC9CEB8-8B4A-11D0-8D11-00A0C91BC942}") = "ETCPACK", "Source\ThirdParty\ETCPACK\ETCPACK.vcxproj", "{5E8D0A67-15E1-3E13-A533-3BB478221AD3}"
	ProjectSection(ProjectDependencies) = postProject
		{60CE7B85-868B-3BDA-BA12-013E3053C119} = {60CE7B85-868B-3BDA-BA12-013E3053C119}
	EndProjectSection
EndProject
Project("{8BC9CEB8-8B4A-11D0-8D11-00A0C91BC942}") = "FreeType", "Source\ThirdParty\FreeType\FreeType.vcxproj", "{D9096A7B-132C-308E-9050-4D6B83D9CEAA}"
	ProjectSection(ProjectDependencies) = postProject
		{60CE7B85-868B-3BDA-BA12-013E3053C119} = {60CE7B85-868B-3BDA-BA12-013E3053C119}
	EndProjectSection
EndProject
Project("{8BC9CEB8-8B4A-11D0-8D11-00A0C91BC942}") = "GLEW", "Source\ThirdParty\GLEW\GLEW.vcxproj", "{E8339542-D4EF-3582-BEF9-924B113C7C1E}"
	ProjectSection(ProjectDependencies) = postProject
		{60CE7B85-868B-3BDA-BA12-013E3053C119} = {60CE7B85-868B-3BDA-BA12-013E3053C119}
	EndProjectSection
EndProject
Project("{8BC9CEB8-8B4A-11D0-8D11-00A0C91BC942}") = "INSTALL", "INSTALL.vcxproj", "{597CCF02-1694-3455-AB31-6E48E3F61D51}"
	ProjectSection(ProjectDependencies) = postProject
		{A9436C7A-6E62-37C4-8BCE-1E40C87172B0} = {A9436C7A-6E62-37C4-8BCE-1E40C87172B0}
		{60CE7B85-868B-3BDA-BA12-013E3053C119} = {60CE7B85-868B-3BDA-BA12-013E3053C119}
	EndProjectSection
EndProject
Project("{8BC9CEB8-8B4A-11D0-8D11-00A0C91BC942}") = "LZ4", "Source\ThirdParty\LZ4\LZ4.vcxproj", "{A87EE3D3-F813-364E-BE25-780894AE627E}"
	ProjectSection(ProjectDependencies) = postProject
		{60CE7B85-868B-3BDA-BA12-013E3053C119} = {60CE7B85-868B-3BDA-BA12-013E3053C119}
	EndProjectSection
EndProject
Project("{8BC9CEB8-8B4A-11D0-8D11-00A0C91BC942}") = "LibCpuId", "Source\ThirdParty\LibCpuId\LibCpuId.vcxproj", "{402B1C30-8D35-3F94-A2DE-47429C20D3E0}"
	ProjectSection(ProjectDependencies) = postProject
		{60CE7B85-868B-3BDA-BA12-013E3053C119} = {60CE7B85-868B-3BDA-BA12-013E3053C119}
	EndProjectSection
EndProject
Project("{8BC9CEB8-8B4A-11D0-8D11-00A0C91BC942}") = "LuaJIT", "Source\ThirdParty\LuaJIT\LuaJIT.vcxproj", "{AEB1E7EF-F8C1-3B14-97A4-0F450B5A61B1}"
	ProjectSection(ProjectDependencies) = postProject
		{60CE7B85-868B-3BDA-BA12-013E3053C119} = {60CE7B85-868B-3BDA-BA12-013E3053C119}
		{2FFA77AC-525E-3EB6-99FB-836ADF2039D2} = {2FFA77AC-525E-3EB6-99FB-836ADF2039D2}
	EndProjectSection
EndProject
Project("{8BC9CEB8-8B4A-11D0-8D11-00A0C91BC942}") = "OgreImporter", "Source\Tools\OgreImporter\OgreImporter.vcxproj", "{4EDC8B08-9DC7-3598-B7EB-3EC854EE09B2}"
	ProjectSection(ProjectDependencies) = postProject
		{9387ACC4-F167-36DD-8E6C-A853E08BBE92} = {9387ACC4-F167-36DD-8E6C-A853E08BBE92}
		{60CE7B85-868B-3BDA-BA12-013E3053C119} = {60CE7B85-868B-3BDA-BA12-013E3053C119}
	EndProjectSection
EndProject
Project("{8BC9CEB8-8B4A-11D0-8D11-00A0C91BC942}") = "PACKAGE", "PACKAGE.vcxproj", "{DC4655BD-B5B2-3F9B-BE1E-F2A0F9EAAE8B}"
	ProjectSection(ProjectDependencies) = postProject
		{A9436C7A-6E62-37C4-8BCE-1E40C87172B0} = {A9436C7A-6E62-37C4-8BCE-1E40C87172B0}
		{60CE7B85-868B-3BDA-BA12-013E3053C119} = {60CE7B85-868B-3BDA-BA12-013E3053C119}
	EndProjectSection
EndProject
Project("{8BC9CEB8-8B4A-11D0-8D11-00A0C91BC942}") = "PackageTool", "Source\Tools\PackageTool\PackageTool.vcxproj", "{919017CA-4FC7-3B1A-A13A-2DC47CBEFF4E}"
	ProjectSection(ProjectDependencies) = postProject
		{A87EE3D3-F813-364E-BE25-780894AE627E} = {A87EE3D3-F813-364E-BE25-780894AE627E}
		{9387ACC4-F167-36DD-8E6C-A853E08BBE92} = {9387ACC4-F167-36DD-8E6C-A853E08BBE92}
		{60CE7B85-868B-3BDA-BA12-013E3053C119} = {60CE7B85-868B-3BDA-BA12-013E3053C119}
	EndProjectSection
EndProject
Project("{8BC9CEB8-8B4A-11D0-8D11-00A0C91BC942}") = "PugiXml", "Source\ThirdParty\PugiXml\PugiXml.vcxproj", "{C53B3123-CE71-38D2-83AB-7DFD62DBB1EB}"
	ProjectSection(ProjectDependencies) = postProject
		{60CE7B85-868B-3BDA-BA12-013E3053C119} = {60CE7B85-868B-3BDA-BA12-013E3053C119}
	EndProjectSection
EndProject
Project("{8BC9CEB8-8B4A-11D0-8D11-00A0C91BC942}") = "RESOURCE_CHECK", "Source\Tools\Urho3DPlayer\RESOURCE_CHECK.vcxproj", "{DCDB8F15-2745-3C46-BCEB-23AC38CA3A9C}"
	ProjectSection(ProjectDependencies) = postProject
		{919017CA-4FC7-3B1A-A13A-2DC47CBEFF4E} = {919017CA-4FC7-3B1A-A13A-2DC47CBEFF4E}
		{60CE7B85-868B-3BDA-BA12-013E3053C119} = {60CE7B85-868B-3BDA-BA12-013E3053C119}
	EndProjectSection
EndProject
Project("{8BC9CEB8-8B4A-11D0-8D11-00A0C91BC942}") = "RESOURCE_CHECK_u9gGH", "Source\Samples\01_HelloWorld\RESOURCE_CHECK_u9gGH.vcxproj", "{6F731ECE-8E71-3998-B009-42540371E3EA}"
	ProjectSection(ProjectDependencies) = postProject
		{919017CA-4FC7-3B1A-A13A-2DC47CBEFF4E} = {919017CA-4FC7-3B1A-A13A-2DC47CBEFF4E}
		{60CE7B85-868B-3BDA-BA12-013E3053C119} = {60CE7B85-868B-3BDA-BA12-013E3053C119}
	EndProjectSection
EndProject
Project("{8BC9CEB8-8B4A-11D0-8D11-00A0C91BC942}") = "RUN_TESTS", "RUN_TESTS.vcxproj", "{CC0A7593-3EDA-33FB-B643-0EA085901913}"
	ProjectSection(ProjectDependencies) = postProject
		{60CE7B85-868B-3BDA-BA12-013E3053C119} = {60CE7B85-868B-3BDA-BA12-013E3053C119}
	EndProjectSection
EndProject
Project("{8BC9CEB8-8B4A-11D0-8D11-00A0C91BC942}") = "RampGenerator", "Source\Tools\RampGenerator\RampGenerator.vcxproj", "{39B0E5E7-6F0C-3928-BB12-32ADC2C2375D}"
	ProjectSection(ProjectDependencies) = postProject
		{9387ACC4-F167-36DD-8E6C-A853E08BBE92} = {9387ACC4-F167-36DD-8E6C-A853E08BBE92}
		{60CE7B85-868B-3BDA-BA12-013E3053C119} = {60CE7B85-868B-3BDA-BA12-013E3053C119}
	EndProjectSection
EndProject
Project("{8BC9CEB8-8B4A-11D0-8D11-00A0C91BC942}") = "Recast", "Source\ThirdParty\Recast\Recast.vcxproj", "{BF9705C6-AB99-3498-9D3E-9D5048E4EFF2}"
	ProjectSection(ProjectDependencies) = postProject
		{60CE7B85-868B-3BDA-BA12-013E3053C119} = {60CE7B85-868B-3BDA-BA12-013E3053C119}
	EndProjectSection
EndProject
Project("{8BC9CEB8-8B4A-11D0-8D11-00A0C91BC942}") = "SDL", "Source\ThirdParty\SDL\SDL.vcxproj", "{F87A3854-BB4D-3AA8-833F-520722B2851D}"
	ProjectSection(ProjectDependencies) = postProject
		{60CE7B85-868B-3BDA-BA12-013E3053C119} = {60CE7B85-868B-3BDA-BA12-013E3053C119}
	EndProjectSection
EndProject
Project("{8BC9CEB8-8B4A-11D0-8D11-00A0C91BC942}") = "SLikeNet", "Source\ThirdParty\SLikeNet\SLikeNet.vcxproj", "{5429292E-D760-3651-8894-374072E84C29}"
	ProjectSection(ProjectDependencies) = postProject
		{60CE7B85-868B-3BDA-BA12-013E3053C119} = {60CE7B85-868B-3BDA-BA12-013E3053C119}
	EndProjectSection
EndProject
Project("{8BC9CEB8-8B4A-11D0-8D11-00A0C91BC942}") = "STB", "Source\ThirdParty\STB\STB.vcxproj", "{9E65F1D5-7F6A-39F8-8757-247A8426FA25}"
	ProjectSection(ProjectDependencies) = postProject
		{60CE7B85-868B-3BDA-BA12-013E3053C119} = {60CE7B85-868B-3BDA-BA12-013E3053C119}
	EndProjectSection
EndProject
Project("{8BC9CEB8-8B4A-11D0-8D11-00A0C91BC942}") = "ScriptCompiler", "Source\Tools\ScriptCompiler\ScriptCompiler.vcxproj", "{72BBD214-0BCF-32A9-BFB1-15358588FD26}"
	ProjectSection(ProjectDependencies) = postProject
		{9387ACC4-F167-36DD-8E6C-A853E08BBE92} = {9387ACC4-F167-36DD-8E6C-A853E08BBE92}
		{60CE7B85-868B-3BDA-BA12-013E3053C119} = {60CE7B85-868B-3BDA-BA12-013E3053C119}
	EndProjectSection
EndProject
Project("{8BC9CEB8-8B4A-11D0-8D11-00A0C91BC942}") = "SpritePacker", "Source\Tools\SpritePacker\SpritePacker.vcxproj", "{3DB1507F-F111-3A72-8EAC-2A85A5A87D5C}"
	ProjectSection(ProjectDependencies) = postProject
		{9387ACC4-F167-36DD-8E6C-A853E08BBE92} = {9387ACC4-F167-36DD-8E6C-A853E08BBE92}
		{60CE7B85-868B-3BDA-BA12-013E3053C119} = {60CE7B85-868B-3BDA-BA12-013E3053C119}
	EndProjectSection
EndProject
Project("{8BC9CEB8-8B4A-11D0-8D11-00A0C91BC942}") = "StanHull", "Source\ThirdParty\StanHull\StanHull.vcxproj", "{898241E2-65CC-371C-B250-0958E33A3133}"
	ProjectSection(ProjectDependencies) = postProject
		{60CE7B85-868B-3BDA-BA12-013E3053C119} = {60CE7B85-868B-3BDA-BA12-013E3053C119}
	EndProjectSection
EndProject
Project("{8BC9CEB8-8B4A-11D0-8D11-00A0C91BC942}") = "Urho3D", "Source\Urho3D\Urho3D.vcxproj", "{9387ACC4-F167-36DD-8E6C-A853E08BBE92}"
	ProjectSection(ProjectDependencies) = postProject
		{12880F48-2C88-3CCA-B2DF-1D2D60372C8E} = {12880F48-2C88-3CCA-B2DF-1D2D60372C8E}
		{32CC5FA4-5939-3209-BBAA-1FEA87603445} = {32CC5FA4-5939-3209-BBAA-1FEA87603445}
		{82DAB94E-5920-3450-9834-AD3C666F80DC} = {82DAB94E-5920-3450-9834-AD3C666F80DC}
		{3C685AA7-A670-3930-BEB2-80FEFF371771} = {3C685AA7-A670-3930-BEB2-80FEFF371771}
		{A9C64B27-AB12-3923-8F4F-8BD039323983} = {A9C64B27-AB12-3923-8F4F-8BD039323983}
		{02AE7F1D-3705-3565-B80F-BFD730B6B350} = {02AE7F1D-3705-3565-B80F-BFD730B6B350}
		{C5793DF8-0C3B-39EA-ABEE-450E1C8F545E} = {C5793DF8-0C3B-39EA-ABEE-450E1C8F545E}
		{5E8D0A67-15E1-3E13-A533-3BB478221AD3} = {5E8D0A67-15E1-3E13-A533-3BB478221AD3}
		{D9096A7B-132C-308E-9050-4D6B83D9CEAA} = {D9096A7B-132C-308E-9050-4D6B83D9CEAA}
		{E8339542-D4EF-3582-BEF9-924B113C7C1E} = {E8339542-D4EF-3582-BEF9-924B113C7C1E}
		{A87EE3D3-F813-364E-BE25-780894AE627E} = {A87EE3D3-F813-364E-BE25-780894AE627E}
		{402B1C30-8D35-3F94-A2DE-47429C20D3E0} = {402B1C30-8D35-3F94-A2DE-47429C20D3E0}
		{AEB1E7EF-F8C1-3B14-97A4-0F450B5A61B1} = {AEB1E7EF-F8C1-3B14-97A4-0F450B5A61B1}
		{C53B3123-CE71-38D2-83AB-7DFD62DBB1EB} = {C53B3123-CE71-38D2-83AB-7DFD62DBB1EB}
		{BF9705C6-AB99-3498-9D3E-9D5048E4EFF2} = {BF9705C6-AB99-3498-9D3E-9D5048E4EFF2}
		{F87A3854-BB4D-3AA8-833F-520722B2851D} = {F87A3854-BB4D-3AA8-833F-520722B2851D}
		{5429292E-D760-3651-8894-374072E84C29} = {5429292E-D760-3651-8894-374072E84C29}
		{9E65F1D5-7F6A-39F8-8757-247A8426FA25} = {9E65F1D5-7F6A-39F8-8757-247A8426FA25}
		{898241E2-65CC-371C-B250-0958E33A3133} = {898241E2-65CC-371C-B250-0958E33A3133}
		{BCA6B51C-02EA-3DCA-B6A7-917AACE65375} = {BCA6B51C-02EA-3DCA-B6A7-917AACE65375}
		{60CE7B85-868B-3BDA-BA12-013E3053C119} = {60CE7B85-868B-3BDA-BA12-013E3053C119}
		{A622C1A6-4AB6-3C3A-925D-46B0AB409860} = {A622C1A6-4AB6-3C3A-925D-46B0AB409860}
		{3BA0FE4E-B058-304A-A059-9331579A26BD} = {3BA0FE4E-B058-304A-A059-9331579A26BD}
		{ABA069C8-1A86-3346-8F1D-F93F1D72CAD4} = {ABA069C8-1A86-3346-8F1D-F93F1D72CAD4}
		{9B48DB03-0809-3364-AA8C-A0C97FAC62AF} = {9B48DB03-0809-3364-AA8C-A0C97FAC62AF}
	EndProjectSection
EndProject
Project("{8BC9CEB8-8B4A-11D0-8D11-00A0C91BC942}") = "Urho3DPlayer", "Source\Tools\Urho3DPlayer\Urho3DPlayer.vcxproj", "{08154388-C57C-3653-B739-3D76E79EE1A6}"
	ProjectSection(ProjectDependencies) = postProject
		{DCDB8F15-2745-3C46-BCEB-23AC38CA3A9C} = {DCDB8F15-2745-3C46-BCEB-23AC38CA3A9C}
		{9387ACC4-F167-36DD-8E6C-A853E08BBE92} = {9387ACC4-F167-36DD-8E6C-A853E08BBE92}
		{60CE7B85-868B-3BDA-BA12-013E3053C119} = {60CE7B85-868B-3BDA-BA12-013E3053C119}
	EndProjectSection
EndProject
Project("{8BC9CEB8-8B4A-11D0-8D11-00A0C91BC942}") = "WebP", "Source\ThirdParty\WebP\WebP.vcxproj", "{BCA6B51C-02EA-3DCA-B6A7-917AACE65375}"
	ProjectSection(ProjectDependencies) = postProject
		{60CE7B85-868B-3BDA-BA12-013E3053C119} = {60CE7B85-868B-3BDA-BA12-013E3053C119}
	EndProjectSection
EndProject
Project("{8BC9CEB8-8B4A-11D0-8D11-00A0C91BC942}") = "ZERO_CHECK", "ZERO_CHECK.vcxproj", "{60CE7B85-868B-3BDA-BA12-013E3053C119}"
EndProject
Project("{8BC9CEB8-8B4A-11D0-8D11-00A0C91BC942}") = "buildvm", "Source\ThirdParty\LuaJIT\src\host\buildvm.vcxproj", "{2FFA77AC-525E-3EB6-99FB-836ADF2039D2}"
	ProjectSection(ProjectDependencies) = postProject
		{60CE7B85-868B-3BDA-BA12-013E3053C119} = {60CE7B85-868B-3BDA-BA12-013E3053C119}
		{348A3CAB-4C1C-356C-BFBC-272B58469973} = {348A3CAB-4C1C-356C-BFBC-272B58469973}
	EndProjectSection
EndProject
Project("{8BC9CEB8-8B4A-11D0-8D11-00A0C91BC942}") = "ik", "Source\ThirdParty\ik\ik.vcxproj", "{A622C1A6-4AB6-3C3A-925D-46B0AB409860}"
	ProjectSection(ProjectDependencies) = postProject
		{60CE7B85-868B-3BDA-BA12-013E3053C119} = {60CE7B85-868B-3BDA-BA12-013E3053C119}
	EndProjectSection
EndProject
Project("{8BC9CEB8-8B4A-11D0-8D11-00A0C91BC942}") = "luajit_interpreter", "Source\ThirdParty\LuaJIT\luajit_interpreter.vcxproj", "{C9C38D90-839C-365F-8556-6F9E2E45EC29}"
	ProjectSection(ProjectDependencies) = postProject
		{AEB1E7EF-F8C1-3B14-97A4-0F450B5A61B1} = {AEB1E7EF-F8C1-3B14-97A4-0F450B5A61B1}
		{60CE7B85-868B-3BDA-BA12-013E3053C119} = {60CE7B85-868B-3BDA-BA12-013E3053C119}
	EndProjectSection
EndProject
Project("{8BC9CEB8-8B4A-11D0-8D11-00A0C91BC942}") = "minilua", "Source\ThirdParty\LuaJIT\src\host\minilua.vcxproj", "{348A3CAB-4C1C-356C-BFBC-272B58469973}"
	ProjectSection(ProjectDependencies) = postProject
		{60CE7B85-868B-3BDA-BA12-013E3053C119} = {60CE7B85-868B-3BDA-BA12-013E3053C119}
	EndProjectSection
EndProject
Project("{8BC9CEB8-8B4A-11D0-8D11-00A0C91BC942}") = "rapidjson", "Source\ThirdParty\rapidjson\rapidjson.vcxproj", "{3BA0FE4E-B058-304A-A059-9331579A26BD}"
	ProjectSection(ProjectDependencies) = postProject
		{60CE7B85-868B-3BDA-BA12-013E3053C119} = {60CE7B85-868B-3BDA-BA12-013E3053C119}
	EndProjectSection
EndProject
Project("{8BC9CEB8-8B4A-11D0-8D11-00A0C91BC942}") = "tolua++", "Source\Urho3D\tolua++.vcxproj", "{ABA069C8-1A86-3346-8F1D-F93F1D72CAD4}"
	ProjectSection(ProjectDependencies) = postProject
		{60CE7B85-868B-3BDA-BA12-013E3053C119} = {60CE7B85-868B-3BDA-BA12-013E3053C119}
	EndProjectSection
EndProject
Project("{8BC9CEB8-8B4A-11D0-8D11-00A0C91BC942}") = "toluapp", "Source\ThirdParty\toluapp\src\lib\toluapp.vcxproj", "{9B48DB03-0809-3364-AA8C-A0C97FAC62AF}"
	ProjectSection(ProjectDependencies) = postProject
		{60CE7B85-868B-3BDA-BA12-013E3053C119} = {60CE7B85-868B-3BDA-BA12-013E3053C119}
	EndProjectSection
EndProject
Global
	GlobalSection(SolutionConfigurationPlatforms) = preSolution
		Debug|x64 = Debug|x64
		Release|x64 = Release|x64
		RelWithDebInfo|x64 = RelWithDebInfo|x64
	EndGlobalSection
	GlobalSection(ProjectConfigurationPlatforms) = postSolution
		{A9436C7A-6E62-37C4-8BCE-1E40C87172B0}.Debug|x64.ActiveCfg = Debug|x64
		{A9436C7A-6E62-37C4-8BCE-1E40C87172B0}.Debug|x64.Build.0 = Debug|x64
		{A9436C7A-6E62-37C4-8BCE-1E40C87172B0}.Release|x64.ActiveCfg = Release|x64
		{A9436C7A-6E62-37C4-8BCE-1E40C87172B0}.Release|x64.Build.0 = Release|x64
		{A9436C7A-6E62-37C4-8BCE-1E40C87172B0}.RelWithDebInfo|x64.ActiveCfg = RelWithDebInfo|x64
		{A9436C7A-6E62-37C4-8BCE-1E40C87172B0}.RelWithDebInfo|x64.Build.0 = RelWithDebInfo|x64
		{15A92767-D44D-34D9-9D1F-AA262CCBBC05}.Debug|x64.ActiveCfg = Debug|x64
		{15A92767-D44D-34D9-9D1F-AA262CCBBC05}.Release|x64.ActiveCfg = Release|x64
		{15A92767-D44D-34D9-9D1F-AA262CCBBC05}.RelWithDebInfo|x64.ActiveCfg = RelWithDebInfo|x64
		{3851D4B5-A54C-3865-8E08-6A3B60A71776}.Debug|x64.ActiveCfg = Debug|x64
		{3851D4B5-A54C-3865-8E08-6A3B60A71776}.Release|x64.ActiveCfg = Release|x64
		{3851D4B5-A54C-3865-8E08-6A3B60A71776}.RelWithDebInfo|x64.ActiveCfg = RelWithDebInfo|x64
		{021DD55F-91EB-3682-957D-6E16475939C5}.Debug|x64.ActiveCfg = Debug|x64
		{021DD55F-91EB-3682-957D-6E16475939C5}.Release|x64.ActiveCfg = Release|x64
		{021DD55F-91EB-3682-957D-6E16475939C5}.RelWithDebInfo|x64.ActiveCfg = RelWithDebInfo|x64
		{58F7F628-695D-34BF-A98B-B6D9FB8A749F}.Debug|x64.ActiveCfg = Debug|x64
		{58F7F628-695D-34BF-A98B-B6D9FB8A749F}.Release|x64.ActiveCfg = Release|x64
		{58F7F628-695D-34BF-A98B-B6D9FB8A749F}.RelWithDebInfo|x64.ActiveCfg = RelWithDebInfo|x64
		{5D392E6A-1DD4-3573-ABB7-CA867E92ACDC}.Debug|x64.ActiveCfg = Debug|x64
		{5D392E6A-1DD4-3573-ABB7-CA867E92ACDC}.Release|x64.ActiveCfg = Release|x64
		{5D392E6A-1DD4-3573-ABB7-CA867E92ACDC}.RelWithDebInfo|x64.ActiveCfg = RelWithDebInfo|x64
		{14318905-0579-3E1C-A039-3F6B40A11FDA}.Debug|x64.ActiveCfg = Debug|x64
		{14318905-0579-3E1C-A039-3F6B40A11FDA}.Release|x64.ActiveCfg = Release|x64
		{14318905-0579-3E1C-A039-3F6B40A11FDA}.RelWithDebInfo|x64.ActiveCfg = RelWithDebInfo|x64
		{A2A17AFD-0C08-3BA6-9016-0E3580393029}.Debug|x64.ActiveCfg = Debug|x64
		{A2A17AFD-0C08-3BA6-9016-0E3580393029}.Release|x64.ActiveCfg = Release|x64
		{A2A17AFD-0C08-3BA6-9016-0E3580393029}.RelWithDebInfo|x64.ActiveCfg = RelWithDebInfo|x64
		{1EB03786-0AD3-3297-9A4C-F66239A53B30}.Debug|x64.ActiveCfg = Debug|x64
		{1EB03786-0AD3-3297-9A4C-F66239A53B30}.Release|x64.ActiveCfg = Release|x64
		{1EB03786-0AD3-3297-9A4C-F66239A53B30}.RelWithDebInfo|x64.ActiveCfg = RelWithDebInfo|x64
		{C8541720-1A3C-3F5C-91BA-FA3541D3F5BA}.Debug|x64.ActiveCfg = Debug|x64
		{C8541720-1A3C-3F5C-91BA-FA3541D3F5BA}.Release|x64.ActiveCfg = Release|x64
		{C8541720-1A3C-3F5C-91BA-FA3541D3F5BA}.RelWithDebInfo|x64.ActiveCfg = RelWithDebInfo|x64
		{CD9DE73A-3A15-3F79-8DAE-C73EAEE1D40A}.Debug|x64.ActiveCfg = Debug|x64
		{CD9DE73A-3A15-3F79-8DAE-C73EAEE1D40A}.Release|x64.ActiveCfg = Release|x64
		{CD9DE73A-3A15-3F79-8DAE-C73EAEE1D40A}.RelWithDebInfo|x64.ActiveCfg = RelWithDebInfo|x64
		{914FA541-4FC9-3E5E-AC3F-7D5E3D185FF3}.Debug|x64.ActiveCfg = Debug|x64
		{914FA541-4FC9-3E5E-AC3F-7D5E3D185FF3}.Release|x64.ActiveCfg = Release|x64
		{914FA541-4FC9-3E5E-AC3F-7D5E3D185FF3}.RelWithDebInfo|x64.ActiveCfg = RelWithDebInfo|x64
		{283E127A-530A-3836-984C-B86F2AC3F201}.Debug|x64.ActiveCfg = Debug|x64
		{283E127A-530A-3836-984C-B86F2AC3F201}.Release|x64.ActiveCfg = Release|x64
		{283E127A-530A-3836-984C-B86F2AC3F201}.RelWithDebInfo|x64.ActiveCfg = RelWithDebInfo|x64
		{2206B856-AEBC-3AD3-B450-735258704C10}.Debug|x64.ActiveCfg = Debug|x64
		{2206B856-AEBC-3AD3-B450-735258704C10}.Release|x64.ActiveCfg = Release|x64
		{2206B856-AEBC-3AD3-B450-735258704C10}.RelWithDebInfo|x64.ActiveCfg = RelWithDebInfo|x64
		{22FD00C0-4665-35A0-A568-FB392309B6CB}.Debug|x64.ActiveCfg = Debug|x64
		{22FD00C0-4665-35A0-A568-FB392309B6CB}.Release|x64.ActiveCfg = Release|x64
		{22FD00C0-4665-35A0-A568-FB392309B6CB}.RelWithDebInfo|x64.ActiveCfg = RelWithDebInfo|x64
		{9954C5BB-229D-310D-9A99-2559BD58B88B}.Debug|x64.ActiveCfg = Debug|x64
		{9954C5BB-229D-310D-9A99-2559BD58B88B}.Release|x64.ActiveCfg = Release|x64
		{9954C5BB-229D-310D-9A99-2559BD58B88B}.RelWithDebInfo|x64.ActiveCfg = RelWithDebInfo|x64
		{AA13AB2B-6760-37A4-8E03-C92702ACFFC0}.Debug|x64.ActiveCfg = Debug|x64
		{AA13AB2B-6760-37A4-8E03-C92702ACFFC0}.Release|x64.ActiveCfg = Release|x64
		{AA13AB2B-6760-37A4-8E03-C92702ACFFC0}.RelWithDebInfo|x64.ActiveCfg = RelWithDebInfo|x64
		{005BE8FC-6BA4-3ABA-893C-D5EE0B62DA7B}.Debug|x64.ActiveCfg = Debug|x64
		{005BE8FC-6BA4-3ABA-893C-D5EE0B62DA7B}.Release|x64.ActiveCfg = Release|x64
		{005BE8FC-6BA4-3ABA-893C-D5EE0B62DA7B}.RelWithDebInfo|x64.ActiveCfg = RelWithDebInfo|x64
		{42B32472-8D96-3EA4-AA0F-7B9E96DFD8DF}.Debug|x64.ActiveCfg = Debug|x64
		{42B32472-8D96-3EA4-AA0F-7B9E96DFD8DF}.Release|x64.ActiveCfg = Release|x64
		{42B32472-8D96-3EA4-AA0F-7B9E96DFD8DF}.RelWithDebInfo|x64.ActiveCfg = RelWithDebInfo|x64
		{EE5EC729-F572-35A7-81E5-E94374C7F352}.Debug|x64.ActiveCfg = Debug|x64
		{EE5EC729-F572-35A7-81E5-E94374C7F352}.Release|x64.ActiveCfg = Release|x64
		{EE5EC729-F572-35A7-81E5-E94374C7F352}.RelWithDebInfo|x64.ActiveCfg = RelWithDebInfo|x64
		{2CB5E9CE-FFA9-3288-8E6B-47409DA30692}.Debug|x64.ActiveCfg = Debug|x64
		{2CB5E9CE-FFA9-3288-8E6B-47409DA30692}.Release|x64.ActiveCfg = Release|x64
		{2CB5E9CE-FFA9-3288-8E6B-47409DA30692}.RelWithDebInfo|x64.ActiveCfg = RelWithDebInfo|x64
		{76C34E6A-7F52-3493-A53A-A20327AB1D62}.Debug|x64.ActiveCfg = Debug|x64
		{76C34E6A-7F52-3493-A53A-A20327AB1D62}.Release|x64.ActiveCfg = Release|x64
		{76C34E6A-7F52-3493-A53A-A20327AB1D62}.RelWithDebInfo|x64.ActiveCfg = RelWithDebInfo|x64
		{3F50A731-DAD4-374D-97AE-0F6F3EB35D57}.Debug|x64.ActiveCfg = Debug|x64
		{3F50A731-DAD4-374D-97AE-0F6F3EB35D57}.Release|x64.ActiveCfg = Release|x64
		{3F50A731-DAD4-374D-97AE-0F6F3EB35D57}.RelWithDebInfo|x64.ActiveCfg = RelWithDebInfo|x64
		{9FB837D3-E0BE-3352-90B5-B2569EF6D839}.Debug|x64.ActiveCfg = Debug|x64
		{9FB837D3-E0BE-3352-90B5-B2569EF6D839}.Release|x64.ActiveCfg = Release|x64
		{9FB837D3-E0BE-3352-90B5-B2569EF6D839}.RelWithDebInfo|x64.ActiveCfg = RelWithDebInfo|x64
		{6C054CC4-14F5-3948-BDDB-131DF29B9285}.Debug|x64.ActiveCfg = Debug|x64
		{6C054CC4-14F5-3948-BDDB-131DF29B9285}.Release|x64.ActiveCfg = Release|x64
		{6C054CC4-14F5-3948-BDDB-131DF29B9285}.RelWithDebInfo|x64.ActiveCfg = RelWithDebInfo|x64
		{7A85D446-5C94-3BFE-AE81-D44A6383BA83}.Debug|x64.ActiveCfg = Debug|x64
		{7A85D446-5C94-3BFE-AE81-D44A6383BA83}.Release|x64.ActiveCfg = Release|x64
		{7A85D446-5C94-3BFE-AE81-D44A6383BA83}.RelWithDebInfo|x64.ActiveCfg = RelWithDebInfo|x64
		{51799FA8-6FD0-314E-8E2E-4B692A75EDD6}.Debug|x64.ActiveCfg = Debug|x64
		{51799FA8-6FD0-314E-8E2E-4B692A75EDD6}.Release|x64.ActiveCfg = Release|x64
		{51799FA8-6FD0-314E-8E2E-4B692A75EDD6}.RelWithDebInfo|x64.ActiveCfg = RelWithDebInfo|x64
		{08FB90AE-F397-3099-A203-278112093A72}.Debug|x64.ActiveCfg = Debug|x64
		{08FB90AE-F397-3099-A203-278112093A72}.Release|x64.ActiveCfg = Release|x64
		{08FB90AE-F397-3099-A203-278112093A72}.RelWithDebInfo|x64.ActiveCfg = RelWithDebInfo|x64
		{94593F38-EE96-3276-92F2-132671C98190}.Debug|x64.ActiveCfg = Debug|x64
		{94593F38-EE96-3276-92F2-132671C98190}.Release|x64.ActiveCfg = Release|x64
		{94593F38-EE96-3276-92F2-132671C98190}.RelWithDebInfo|x64.ActiveCfg = RelWithDebInfo|x64
		{91E5B866-C81D-3B4B-A0B9-9C517553E7E6}.Debug|x64.ActiveCfg = Debug|x64
		{91E5B866-C81D-3B4B-A0B9-9C517553E7E6}.Release|x64.ActiveCfg = Release|x64
		{91E5B866-C81D-3B4B-A0B9-9C517553E7E6}.RelWithDebInfo|x64.ActiveCfg = RelWithDebInfo|x64
		{53CF4974-68DF-324C-99EE-FC028030BFF4}.Debug|x64.ActiveCfg = Debug|x64
		{53CF4974-68DF-324C-99EE-FC028030BFF4}.Release|x64.ActiveCfg = Release|x64
		{53CF4974-68DF-324C-99EE-FC028030BFF4}.RelWithDebInfo|x64.ActiveCfg = RelWithDebInfo|x64
		{9F4480A2-A7A8-38A3-B88C-DF3C828CB681}.Debug|x64.ActiveCfg = Debug|x64
		{9F4480A2-A7A8-38A3-B88C-DF3C828CB681}.Release|x64.ActiveCfg = Release|x64
		{9F4480A2-A7A8-38A3-B88C-DF3C828CB681}.RelWithDebInfo|x64.ActiveCfg = RelWithDebInfo|x64
		{88F9F4AF-8E77-3350-B3FC-CA60A572D607}.Debug|x64.ActiveCfg = Debug|x64
		{88F9F4AF-8E77-3350-B3FC-CA60A572D607}.Release|x64.ActiveCfg = Release|x64
		{88F9F4AF-8E77-3350-B3FC-CA60A572D607}.RelWithDebInfo|x64.ActiveCfg = RelWithDebInfo|x64
		{9BD573BB-F0D6-39D4-9668-DF36D2F4DC3A}.Debug|x64.ActiveCfg = Debug|x64
		{9BD573BB-F0D6-39D4-9668-DF36D2F4DC3A}.Release|x64.ActiveCfg = Release|x64
		{9BD573BB-F0D6-39D4-9668-DF36D2F4DC3A}.RelWithDebInfo|x64.ActiveCfg = RelWithDebInfo|x64
		{06375D1C-1867-3805-9528-6B8E5307B97A}.Debug|x64.ActiveCfg = Debug|x64
		{06375D1C-1867-3805-9528-6B8E5307B97A}.Release|x64.ActiveCfg = Release|x64
		{06375D1C-1867-3805-9528-6B8E5307B97A}.RelWithDebInfo|x64.ActiveCfg = RelWithDebInfo|x64
		{81F4C684-5709-33AA-B5CC-B22FDF5A0A43}.Debug|x64.ActiveCfg = Debug|x64
		{81F4C684-5709-33AA-B5CC-B22FDF5A0A43}.Release|x64.ActiveCfg = Release|x64
		{81F4C684-5709-33AA-B5CC-B22FDF5A0A43}.RelWithDebInfo|x64.ActiveCfg = RelWithDebInfo|x64
		{E3E72B4B-B34D-3DA3-AEF8-E2D5B5F0EB3E}.Debug|x64.ActiveCfg = Debug|x64
		{E3E72B4B-B34D-3DA3-AEF8-E2D5B5F0EB3E}.Release|x64.ActiveCfg = Release|x64
		{E3E72B4B-B34D-3DA3-AEF8-E2D5B5F0EB3E}.RelWithDebInfo|x64.ActiveCfg = RelWithDebInfo|x64
		{367CB6ED-3BFD-344B-85EA-D8E13F0CA87F}.Debug|x64.ActiveCfg = Debug|x64
		{367CB6ED-3BFD-344B-85EA-D8E13F0CA87F}.Release|x64.ActiveCfg = Release|x64
		{367CB6ED-3BFD-344B-85EA-D8E13F0CA87F}.RelWithDebInfo|x64.ActiveCfg = RelWithDebInfo|x64
		{B099C143-B147-3990-B6C1-6B043184E5BE}.Debug|x64.ActiveCfg = Debug|x64
		{B099C143-B147-3990-B6C1-6B043184E5BE}.Release|x64.ActiveCfg = Release|x64
		{B099C143-B147-3990-B6C1-6B043184E5BE}.RelWithDebInfo|x64.ActiveCfg = RelWithDebInfo|x64
		{C9017278-3EBA-3506-99B3-474EB3714C63}.Debug|x64.ActiveCfg = Debug|x64
		{C9017278-3EBA-3506-99B3-474EB3714C63}.Release|x64.ActiveCfg = Release|x64
		{C9017278-3EBA-3506-99B3-474EB3714C63}.RelWithDebInfo|x64.ActiveCfg = RelWithDebInfo|x64
		{136757AC-0EC0-3D54-AE99-29D0ACE8D2D6}.Debug|x64.ActiveCfg = Debug|x64
		{136757AC-0EC0-3D54-AE99-29D0ACE8D2D6}.Release|x64.ActiveCfg = Release|x64
		{136757AC-0EC0-3D54-AE99-29D0ACE8D2D6}.RelWithDebInfo|x64.ActiveCfg = RelWithDebInfo|x64
		{A7999F47-2BBA-3F26-A8D3-A0799928450E}.Debug|x64.ActiveCfg = Debug|x64
		{A7999F47-2BBA-3F26-A8D3-A0799928450E}.Release|x64.ActiveCfg = Release|x64
		{A7999F47-2BBA-3F26-A8D3-A0799928450E}.RelWithDebInfo|x64.ActiveCfg = RelWithDebInfo|x64
		{C3AA4B36-57E3-31C9-9CB8-BBE39286F3E3}.Debug|x64.ActiveCfg = Debug|x64
		{C3AA4B36-57E3-31C9-9CB8-BBE39286F3E3}.Release|x64.ActiveCfg = Release|x64
		{C3AA4B36-57E3-31C9-9CB8-BBE39286F3E3}.RelWithDebInfo|x64.ActiveCfg = RelWithDebInfo|x64
		{3048D4C9-4279-3BE5-B24F-693A1845C914}.Debug|x64.ActiveCfg = Debug|x64
		{3048D4C9-4279-3BE5-B24F-693A1845C914}.Release|x64.ActiveCfg = Release|x64
		{3048D4C9-4279-3BE5-B24F-693A1845C914}.RelWithDebInfo|x64.ActiveCfg = RelWithDebInfo|x64
		{F120A5A1-2C22-3F50-8FD1-07AAF58276D4}.Debug|x64.ActiveCfg = Debug|x64
		{F120A5A1-2C22-3F50-8FD1-07AAF58276D4}.Release|x64.ActiveCfg = Release|x64
		{F120A5A1-2C22-3F50-8FD1-07AAF58276D4}.RelWithDebInfo|x64.ActiveCfg = RelWithDebInfo|x64
		{8F75C09A-58B5-3CE7-AEED-EBB22B8F6950}.Debug|x64.ActiveCfg = Debug|x64
		{8F75C09A-58B5-3CE7-AEED-EBB22B8F6950}.Release|x64.ActiveCfg = Release|x64
		{8F75C09A-58B5-3CE7-AEED-EBB22B8F6950}.RelWithDebInfo|x64.ActiveCfg = RelWithDebInfo|x64
		{F04BFFBC-F059-38C3-98A7-A7CACAFC96FB}.Debug|x64.ActiveCfg = Debug|x64
		{F04BFFBC-F059-38C3-98A7-A7CACAFC96FB}.Release|x64.ActiveCfg = Release|x64
		{F04BFFBC-F059-38C3-98A7-A7CACAFC96FB}.RelWithDebInfo|x64.ActiveCfg = RelWithDebInfo|x64
		{B690CC56-F838-3071-988E-617BC9F39B77}.Debug|x64.ActiveCfg = Debug|x64
		{B690CC56-F838-3071-988E-617BC9F39B77}.Release|x64.ActiveCfg = Release|x64
		{B690CC56-F838-3071-988E-617BC9F39B77}.RelWithDebInfo|x64.ActiveCfg = RelWithDebInfo|x64
		{4BE211AC-6972-3112-BDD5-2A718E5498EB}.Debug|x64.ActiveCfg = Debug|x64
		{4BE211AC-6972-3112-BDD5-2A718E5498EB}.Release|x64.ActiveCfg = Release|x64
		{4BE211AC-6972-3112-BDD5-2A718E5498EB}.RelWithDebInfo|x64.ActiveCfg = RelWithDebInfo|x64
		{4AE7F206-6A81-3A77-9227-7A83F1E76F11}.Debug|x64.ActiveCfg = Debug|x64
		{4AE7F206-6A81-3A77-9227-7A83F1E76F11}.Release|x64.ActiveCfg = Release|x64
		{4AE7F206-6A81-3A77-9227-7A83F1E76F11}.RelWithDebInfo|x64.ActiveCfg = RelWithDebInfo|x64
		{BE90A7AB-E1C2-35C6-B296-B57E6C994250}.Debug|x64.ActiveCfg = Debug|x64
		{BE90A7AB-E1C2-35C6-B296-B57E6C994250}.Release|x64.ActiveCfg = Release|x64
		{BE90A7AB-E1C2-35C6-B296-B57E6C994250}.RelWithDebInfo|x64.ActiveCfg = RelWithDebInfo|x64
		{C705B5A4-043E-34EC-AB4E-E6157965D3C7}.Debug|x64.ActiveCfg = Debug|x64
		{C705B5A4-043E-34EC-AB4E-E6157965D3C7}.Release|x64.ActiveCfg = Release|x64
		{C705B5A4-043E-34EC-AB4E-E6157965D3C7}.RelWithDebInfo|x64.ActiveCfg = RelWithDebInfo|x64
		{9158299C-1F71-3C65-A199-8D5642C7D497}.Debug|x64.ActiveCfg = Debug|x64
		{9158299C-1F71-3C65-A199-8D5642C7D497}.Release|x64.ActiveCfg = Release|x64
		{9158299C-1F71-3C65-A199-8D5642C7D497}.RelWithDebInfo|x64.ActiveCfg = RelWithDebInfo|x64
		{691A2068-79DC-36E2-8048-66290B2A8ADC}.Debug|x64.ActiveCfg = Debug|x64
		{691A2068-79DC-36E2-8048-66290B2A8ADC}.Release|x64.ActiveCfg = Release|x64
		{691A2068-79DC-36E2-8048-66290B2A8ADC}.RelWithDebInfo|x64.ActiveCfg = RelWithDebInfo|x64
		{12880F48-2C88-3CCA-B2DF-1D2D60372C8E}.Debug|x64.ActiveCfg = Debug|x64
		{12880F48-2C88-3CCA-B2DF-1D2D60372C8E}.Debug|x64.Build.0 = Debug|x64
		{12880F48-2C88-3CCA-B2DF-1D2D60372C8E}.Release|x64.ActiveCfg = Release|x64
		{12880F48-2C88-3CCA-B2DF-1D2D60372C8E}.Release|x64.Build.0 = Release|x64
		{12880F48-2C88-3CCA-B2DF-1D2D60372C8E}.RelWithDebInfo|x64.ActiveCfg = RelWithDebInfo|x64
		{12880F48-2C88-3CCA-B2DF-1D2D60372C8E}.RelWithDebInfo|x64.Build.0 = RelWithDebInfo|x64
		{4AAD5771-2152-3258-AFC9-AE248100DD5C}.Debug|x64.ActiveCfg = Debug|x64
		{4AAD5771-2152-3258-AFC9-AE248100DD5C}.Release|x64.ActiveCfg = Release|x64
		{4AAD5771-2152-3258-AFC9-AE248100DD5C}.RelWithDebInfo|x64.ActiveCfg = RelWithDebInfo|x64
		{D8685F5B-9E41-3E28-AEAF-3CFCE1DF5495}.Debug|x64.ActiveCfg = Debug|x64
		{D8685F5B-9E41-3E28-AEAF-3CFCE1DF5495}.Debug|x64.Build.0 = Debug|x64
		{D8685F5B-9E41-3E28-AEAF-3CFCE1DF5495}.Release|x64.ActiveCfg = Release|x64
		{D8685F5B-9E41-3E28-AEAF-3CFCE1DF5495}.Release|x64.Build.0 = Release|x64
		{D8685F5B-9E41-3E28-AEAF-3CFCE1DF5495}.RelWithDebInfo|x64.ActiveCfg = RelWithDebInfo|x64
		{D8685F5B-9E41-3E28-AEAF-3CFCE1DF5495}.RelWithDebInfo|x64.Build.0 = RelWithDebInfo|x64
		{32CC5FA4-5939-3209-BBAA-1FEA87603445}.Debug|x64.ActiveCfg = Debug|x64
		{32CC5FA4-5939-3209-BBAA-1FEA87603445}.Debug|x64.Build.0 = Debug|x64
		{32CC5FA4-5939-3209-BBAA-1FEA87603445}.Release|x64.ActiveCfg = Release|x64
		{32CC5FA4-5939-3209-BBAA-1FEA87603445}.Release|x64.Build.0 = Release|x64
		{32CC5FA4-5939-3209-BBAA-1FEA87603445}.RelWithDebInfo|x64.ActiveCfg = RelWithDebInfo|x64
		{32CC5FA4-5939-3209-BBAA-1FEA87603445}.RelWithDebInfo|x64.Build.0 = RelWithDebInfo|x64
		{82DAB94E-5920-3450-9834-AD3C666F80DC}.Debug|x64.ActiveCfg = Debug|x64
		{82DAB94E-5920-3450-9834-AD3C666F80DC}.Debug|x64.Build.0 = Debug|x64
		{82DAB94E-5920-3450-9834-AD3C666F80DC}.Release|x64.ActiveCfg = Release|x64
		{82DAB94E-5920-3450-9834-AD3C666F80DC}.Release|x64.Build.0 = Release|x64
		{82DAB94E-5920-3450-9834-AD3C666F80DC}.RelWithDebInfo|x64.ActiveCfg = RelWithDebInfo|x64
		{82DAB94E-5920-3450-9834-AD3C666F80DC}.RelWithDebInfo|x64.Build.0 = RelWithDebInfo|x64
		{3C685AA7-A670-3930-BEB2-80FEFF371771}.Debug|x64.ActiveCfg = Debug|x64
		{3C685AA7-A670-3930-BEB2-80FEFF371771}.Debug|x64.Build.0 = Debug|x64
		{3C685AA7-A670-3930-BEB2-80FEFF371771}.Release|x64.ActiveCfg = Release|x64
		{3C685AA7-A670-3930-BEB2-80FEFF371771}.Release|x64.Build.0 = Release|x64
		{3C685AA7-A670-3930-BEB2-80FEFF371771}.RelWithDebInfo|x64.ActiveCfg = RelWithDebInfo|x64
		{3C685AA7-A670-3930-BEB2-80FEFF371771}.RelWithDebInfo|x64.Build.0 = RelWithDebInfo|x64
		{A9C64B27-AB12-3923-8F4F-8BD039323983}.Debug|x64.ActiveCfg = Debug|x64
		{A9C64B27-AB12-3923-8F4F-8BD039323983}.Debug|x64.Build.0 = Debug|x64
		{A9C64B27-AB12-3923-8F4F-8BD039323983}.Release|x64.ActiveCfg = Release|x64
		{A9C64B27-AB12-3923-8F4F-8BD039323983}.Release|x64.Build.0 = Release|x64
		{A9C64B27-AB12-3923-8F4F-8BD039323983}.RelWithDebInfo|x64.ActiveCfg = RelWithDebInfo|x64
		{A9C64B27-AB12-3923-8F4F-8BD039323983}.RelWithDebInfo|x64.Build.0 = RelWithDebInfo|x64
		{02AE7F1D-3705-3565-B80F-BFD730B6B350}.Debug|x64.ActiveCfg = Debug|x64
		{02AE7F1D-3705-3565-B80F-BFD730B6B350}.Debug|x64.Build.0 = Debug|x64
		{02AE7F1D-3705-3565-B80F-BFD730B6B350}.Release|x64.ActiveCfg = Release|x64
		{02AE7F1D-3705-3565-B80F-BFD730B6B350}.Release|x64.Build.0 = Release|x64
		{02AE7F1D-3705-3565-B80F-BFD730B6B350}.RelWithDebInfo|x64.ActiveCfg = RelWithDebInfo|x64
		{02AE7F1D-3705-3565-B80F-BFD730B6B350}.RelWithDebInfo|x64.Build.0 = RelWithDebInfo|x64
		{C5793DF8-0C3B-39EA-ABEE-450E1C8F545E}.Debug|x64.ActiveCfg = Debug|x64
		{C5793DF8-0C3B-39EA-ABEE-450E1C8F545E}.Debug|x64.Build.0 = Debug|x64
		{C5793DF8-0C3B-39EA-ABEE-450E1C8F545E}.Release|x64.ActiveCfg = Release|x64
		{C5793DF8-0C3B-39EA-ABEE-450E1C8F545E}.Release|x64.Build.0 = Release|x64
		{C5793DF8-0C3B-39EA-ABEE-450E1C8F545E}.RelWithDebInfo|x64.ActiveCfg = RelWithDebInfo|x64
		{C5793DF8-0C3B-39EA-ABEE-450E1C8F545E}.RelWithDebInfo|x64.Build.0 = RelWithDebInfo|x64
		{5E8D0A67-15E1-3E13-A533-3BB478221AD3}.Debug|x64.ActiveCfg = Debug|x64
		{5E8D0A67-15E1-3E13-A533-3BB478221AD3}.Debug|x64.Build.0 = Debug|x64
		{5E8D0A67-15E1-3E13-A533-3BB478221AD3}.Release|x64.ActiveCfg = Release|x64
		{5E8D0A67-15E1-3E13-A533-3BB478221AD3}.Release|x64.Build.0 = Release|x64
		{5E8D0A67-15E1-3E13-A533-3BB478221AD3}.RelWithDebInfo|x64.ActiveCfg = RelWithDebInfo|x64
		{5E8D0A67-15E1-3E13-A533-3BB478221AD3}.RelWithDebInfo|x64.Build.0 = RelWithDebInfo|x64
		{D9096A7B-132C-308E-9050-4D6B83D9CEAA}.Debug|x64.ActiveCfg = Debug|x64
		{D9096A7B-132C-308E-9050-4D6B83D9CEAA}.Debug|x64.Build.0 = Debug|x64
		{D9096A7B-132C-308E-9050-4D6B83D9CEAA}.Release|x64.ActiveCfg = Release|x64
		{D9096A7B-132C-308E-9050-4D6B83D9CEAA}.Release|x64.Build.0 = Release|x64
		{D9096A7B-132C-308E-9050-4D6B83D9CEAA}.RelWithDebInfo|x64.ActiveCfg = RelWithDebInfo|x64
		{D9096A7B-132C-308E-9050-4D6B83D9CEAA}.RelWithDebInfo|x64.Build.0 = RelWithDebInfo|x64
		{E8339542-D4EF-3582-BEF9-924B113C7C1E}.Debug|x64.ActiveCfg = Debug|x64
		{E8339542-D4EF-3582-BEF9-924B113C7C1E}.Debug|x64.Build.0 = Debug|x64
		{E8339542-D4EF-3582-BEF9-924B113C7C1E}.Release|x64.ActiveCfg = Release|x64
		{E8339542-D4EF-3582-BEF9-924B113C7C1E}.Release|x64.Build.0 = Release|x64
		{E8339542-D4EF-3582-BEF9-924B113C7C1E}.RelWithDebInfo|x64.ActiveCfg = RelWithDebInfo|x64
		{E8339542-D4EF-3582-BEF9-924B113C7C1E}.RelWithDebInfo|x64.Build.0 = RelWithDebInfo|x64
		{597CCF02-1694-3455-AB31-6E48E3F61D51}.Debug|x64.ActiveCfg = Debug|x64
		{597CCF02-1694-3455-AB31-6E48E3F61D51}.Release|x64.ActiveCfg = Release|x64
		{597CCF02-1694-3455-AB31-6E48E3F61D51}.RelWithDebInfo|x64.ActiveCfg = RelWithDebInfo|x64
		{A87EE3D3-F813-364E-BE25-780894AE627E}.Debug|x64.ActiveCfg = Debug|x64
		{A87EE3D3-F813-364E-BE25-780894AE627E}.Debug|x64.Build.0 = Debug|x64
		{A87EE3D3-F813-364E-BE25-780894AE627E}.Release|x64.ActiveCfg = Release|x64
		{A87EE3D3-F813-364E-BE25-780894AE627E}.Release|x64.Build.0 = Release|x64
		{A87EE3D3-F813-364E-BE25-780894AE627E}.RelWithDebInfo|x64.ActiveCfg = RelWithDebInfo|x64
		{A87EE3D3-F813-364E-BE25-780894AE627E}.RelWithDebInfo|x64.Build.0 = RelWithDebInfo|x64
		{402B1C30-8D35-3F94-A2DE-47429C20D3E0}.Debug|x64.ActiveCfg = Debug|x64
		{402B1C30-8D35-3F94-A2DE-47429C20D3E0}.Debug|x64.Build.0 = Debug|x64
		{402B1C30-8D35-3F94-A2DE-47429C20D3E0}.Release|x64.ActiveCfg = Release|x64
		{402B1C30-8D35-3F94-A2DE-47429C20D3E0}.Release|x64.Build.0 = Release|x64
		{402B1C30-8D35-3F94-A2DE-47429C20D3E0}.RelWithDebInfo|x64.ActiveCfg = RelWithDebInfo|x64
		{402B1C30-8D35-3F94-A2DE-47429C20D3E0}.RelWithDebInfo|x64.Build.0 = RelWithDebInfo|x64
		{AEB1E7EF-F8C1-3B14-97A4-0F450B5A61B1}.Debug|x64.ActiveCfg = Debug|x64
		{AEB1E7EF-F8C1-3B14-97A4-0F450B5A61B1}.Debug|x64.Build.0 = Debug|x64
		{AEB1E7EF-F8C1-3B14-97A4-0F450B5A61B1}.Release|x64.ActiveCfg = Release|x64
		{AEB1E7EF-F8C1-3B14-97A4-0F450B5A61B1}.Release|x64.Build.0 = Release|x64
		{AEB1E7EF-F8C1-3B14-97A4-0F450B5A61B1}.RelWithDebInfo|x64.ActiveCfg = RelWithDebInfo|x64
		{AEB1E7EF-F8C1-3B14-97A4-0F450B5A61B1}.RelWithDebInfo|x64.Build.0 = RelWithDebInfo|x64
		{4EDC8B08-9DC7-3598-B7EB-3EC854EE09B2}.Debug|x64.ActiveCfg = Debug|x64
		{4EDC8B08-9DC7-3598-B7EB-3EC854EE09B2}.Release|x64.ActiveCfg = Release|x64
		{4EDC8B08-9DC7-3598-B7EB-3EC854EE09B2}.RelWithDebInfo|x64.ActiveCfg = RelWithDebInfo|x64
		{DC4655BD-B5B2-3F9B-BE1E-F2A0F9EAAE8B}.Debug|x64.ActiveCfg = Debug|x64
		{DC4655BD-B5B2-3F9B-BE1E-F2A0F9EAAE8B}.Release|x64.ActiveCfg = Release|x64
		{DC4655BD-B5B2-3F9B-BE1E-F2A0F9EAAE8B}.RelWithDebInfo|x64.ActiveCfg = RelWithDebInfo|x64
		{919017CA-4FC7-3B1A-A13A-2DC47CBEFF4E}.Debug|x64.ActiveCfg = Debug|x64
		{919017CA-4FC7-3B1A-A13A-2DC47CBEFF4E}.Release|x64.ActiveCfg = Release|x64
		{919017CA-4FC7-3B1A-A13A-2DC47CBEFF4E}.RelWithDebInfo|x64.ActiveCfg = RelWithDebInfo|x64
		{C53B3123-CE71-38D2-83AB-7DFD62DBB1EB}.Debug|x64.ActiveCfg = Debug|x64
		{C53B3123-CE71-38D2-83AB-7DFD62DBB1EB}.Debug|x64.Build.0 = Debug|x64
		{C53B3123-CE71-38D2-83AB-7DFD62DBB1EB}.Release|x64.ActiveCfg = Release|x64
		{C53B3123-CE71-38D2-83AB-7DFD62DBB1EB}.Release|x64.Build.0 = Release|x64
		{C53B3123-CE71-38D2-83AB-7DFD62DBB1EB}.RelWithDebInfo|x64.ActiveCfg = RelWithDebInfo|x64
		{C53B3123-CE71-38D2-83AB-7DFD62DBB1EB}.RelWithDebInfo|x64.Build.0 = RelWithDebInfo|x64
		{DCDB8F15-2745-3C46-BCEB-23AC38CA3A9C}.Debug|x64.ActiveCfg = Debug|x64
		{DCDB8F15-2745-3C46-BCEB-23AC38CA3A9C}.Release|x64.ActiveCfg = Release|x64
		{DCDB8F15-2745-3C46-BCEB-23AC38CA3A9C}.RelWithDebInfo|x64.ActiveCfg = RelWithDebInfo|x64
		{6F731ECE-8E71-3998-B009-42540371E3EA}.Debug|x64.ActiveCfg = Debug|x64
		{6F731ECE-8E71-3998-B009-42540371E3EA}.Release|x64.ActiveCfg = Release|x64
		{6F731ECE-8E71-3998-B009-42540371E3EA}.RelWithDebInfo|x64.ActiveCfg = RelWithDebInfo|x64
		{CC0A7593-3EDA-33FB-B643-0EA085901913}.Debug|x64.ActiveCfg = Debug|x64
		{CC0A7593-3EDA-33FB-B643-0EA085901913}.Release|x64.ActiveCfg = Release|x64
		{CC0A7593-3EDA-33FB-B643-0EA085901913}.RelWithDebInfo|x64.ActiveCfg = RelWithDebInfo|x64
		{39B0E5E7-6F0C-3928-BB12-32ADC2C2375D}.Debug|x64.ActiveCfg = Debug|x64
		{39B0E5E7-6F0C-3928-BB12-32ADC2C2375D}.Release|x64.ActiveCfg = Release|x64
		{39B0E5E7-6F0C-3928-BB12-32ADC2C2375D}.RelWithDebInfo|x64.ActiveCfg = RelWithDebInfo|x64
		{BF9705C6-AB99-3498-9D3E-9D5048E4EFF2}.Debug|x64.ActiveCfg = Debug|x64
		{BF9705C6-AB99-3498-9D3E-9D5048E4EFF2}.Debug|x64.Build.0 = Debug|x64
		{BF9705C6-AB99-3498-9D3E-9D5048E4EFF2}.Release|x64.ActiveCfg = Release|x64
		{BF9705C6-AB99-3498-9D3E-9D5048E4EFF2}.Release|x64.Build.0 = Release|x64
		{BF9705C6-AB99-3498-9D3E-9D5048E4EFF2}.RelWithDebInfo|x64.ActiveCfg = RelWithDebInfo|x64
		{BF9705C6-AB99-3498-9D3E-9D5048E4EFF2}.RelWithDebInfo|x64.Build.0 = RelWithDebInfo|x64
		{F87A3854-BB4D-3AA8-833F-520722B2851D}.Debug|x64.ActiveCfg = Debug|x64
		{F87A3854-BB4D-3AA8-833F-520722B2851D}.Debug|x64.Build.0 = Debug|x64
		{F87A3854-BB4D-3AA8-833F-520722B2851D}.Release|x64.ActiveCfg = Release|x64
		{F87A3854-BB4D-3AA8-833F-520722B2851D}.Release|x64.Build.0 = Release|x64
		{F87A3854-BB4D-3AA8-833F-520722B2851D}.RelWithDebInfo|x64.ActiveCfg = RelWithDebInfo|x64
		{F87A3854-BB4D-3AA8-833F-520722B2851D}.RelWithDebInfo|x64.Build.0 = RelWithDebInfo|x64
		{5429292E-D760-3651-8894-374072E84C29}.Debug|x64.ActiveCfg = Debug|x64
		{5429292E-D760-3651-8894-374072E84C29}.Debug|x64.Build.0 = Debug|x64
		{5429292E-D760-3651-8894-374072E84C29}.Release|x64.ActiveCfg = Release|x64
		{5429292E-D760-3651-8894-374072E84C29}.Release|x64.Build.0 = Release|x64
		{5429292E-D760-3651-8894-374072E84C29}.RelWithDebInfo|x64.ActiveCfg = RelWithDebInfo|x64
		{5429292E-D760-3651-8894-374072E84C29}.RelWithDebInfo|x64.Build.0 = RelWithDebInfo|x64
		{9E65F1D5-7F6A-39F8-8757-247A8426FA25}.Debug|x64.ActiveCfg = Debug|x64
		{9E65F1D5-7F6A-39F8-8757-247A8426FA25}.Debug|x64.Build.0 = Debug|x64
		{9E65F1D5-7F6A-39F8-8757-247A8426FA25}.Release|x64.ActiveCfg = Release|x64
		{9E65F1D5-7F6A-39F8-8757-247A8426FA25}.Release|x64.Build.0 = Release|x64
		{9E65F1D5-7F6A-39F8-8757-247A8426FA25}.RelWithDebInfo|x64.ActiveCfg = RelWithDebInfo|x64
		{9E65F1D5-7F6A-39F8-8757-247A8426FA25}.RelWithDebInfo|x64.Build.0 = RelWithDebInfo|x64
		{72BBD214-0BCF-32A9-BFB1-15358588FD26}.Debug|x64.ActiveCfg = Debug|x64
		{72BBD214-0BCF-32A9-BFB1-15358588FD26}.Release|x64.ActiveCfg = Release|x64
		{72BBD214-0BCF-32A9-BFB1-15358588FD26}.RelWithDebInfo|x64.ActiveCfg = RelWithDebInfo|x64
		{3DB1507F-F111-3A72-8EAC-2A85A5A87D5C}.Debug|x64.ActiveCfg = Debug|x64
		{3DB1507F-F111-3A72-8EAC-2A85A5A87D5C}.Release|x64.ActiveCfg = Release|x64
		{3DB1507F-F111-3A72-8EAC-2A85A5A87D5C}.RelWithDebInfo|x64.ActiveCfg = RelWithDebInfo|x64
		{898241E2-65CC-371C-B250-0958E33A3133}.Debug|x64.ActiveCfg = Debug|x64
		{898241E2-65CC-371C-B250-0958E33A3133}.Debug|x64.Build.0 = Debug|x64
		{898241E2-65CC-371C-B250-0958E33A3133}.Release|x64.ActiveCfg = Release|x64
		{898241E2-65CC-371C-B250-0958E33A3133}.Release|x64.Build.0 = Release|x64
		{898241E2-65CC-371C-B250-0958E33A3133}.RelWithDebInfo|x64.ActiveCfg = RelWithDebInfo|x64
		{898241E2-65CC-371C-B250-0958E33A3133}.RelWithDebInfo|x64.Build.0 = RelWithDebInfo|x64
		{9387ACC4-F167-36DD-8E6C-A853E08BBE92}.Debug|x64.ActiveCfg = Debug|x64
		{9387ACC4-F167-36DD-8E6C-A853E08BBE92}.Debug|x64.Build.0 = Debug|x64
		{9387ACC4-F167-36DD-8E6C-A853E08BBE92}.Release|x64.ActiveCfg = Release|x64
		{9387ACC4-F167-36DD-8E6C-A853E08BBE92}.Release|x64.Build.0 = Release|x64
		{9387ACC4-F167-36DD-8E6C-A853E08BBE92}.RelWithDebInfo|x64.ActiveCfg = RelWithDebInfo|x64
		{9387ACC4-F167-36DD-8E6C-A853E08BBE92}.RelWithDebInfo|x64.Build.0 = RelWithDebInfo|x64
		{08154388-C57C-3653-B739-3D76E79EE1A6}.Debug|x64.ActiveCfg = Debug|x64
		{08154388-C57C-3653-B739-3D76E79EE1A6}.Release|x64.ActiveCfg = Release|x64
		{08154388-C57C-3653-B739-3D76E79EE1A6}.RelWithDebInfo|x64.ActiveCfg = RelWithDebInfo|x64
		{BCA6B51C-02EA-3DCA-B6A7-917AACE65375}.Debug|x64.ActiveCfg = Debug|x64
		{BCA6B51C-02EA-3DCA-B6A7-917AACE65375}.Debug|x64.Build.0 = Debug|x64
		{BCA6B51C-02EA-3DCA-B6A7-917AACE65375}.Release|x64.ActiveCfg = Release|x64
		{BCA6B51C-02EA-3DCA-B6A7-917AACE65375}.Release|x64.Build.0 = Release|x64
		{BCA6B51C-02EA-3DCA-B6A7-917AACE65375}.RelWithDebInfo|x64.ActiveCfg = RelWithDebInfo|x64
		{BCA6B51C-02EA-3DCA-B6A7-917AACE65375}.RelWithDebInfo|x64.Build.0 = RelWithDebInfo|x64
		{60CE7B85-868B-3BDA-BA12-013E3053C119}.Debug|x64.ActiveCfg = Debug|x64
		{60CE7B85-868B-3BDA-BA12-013E3053C119}.Debug|x64.Build.0 = Debug|x64
		{60CE7B85-868B-3BDA-BA12-013E3053C119}.Release|x64.ActiveCfg = Release|x64
		{60CE7B85-868B-3BDA-BA12-013E3053C119}.Release|x64.Build.0 = Release|x64
		{60CE7B85-868B-3BDA-BA12-013E3053C119}.RelWithDebInfo|x64.ActiveCfg = RelWithDebInfo|x64
		{60CE7B85-868B-3BDA-BA12-013E3053C119}.RelWithDebInfo|x64.Build.0 = RelWithDebInfo|x64
		{2FFA77AC-525E-3EB6-99FB-836ADF2039D2}.Debug|x64.ActiveCfg = Debug|x64
		{2FFA77AC-525E-3EB6-99FB-836ADF2039D2}.Debug|x64.Build.0 = Debug|x64
		{2FFA77AC-525E-3EB6-99FB-836ADF2039D2}.Release|x64.ActiveCfg = Release|x64
		{2FFA77AC-525E-3EB6-99FB-836ADF2039D2}.Release|x64.Build.0 = Release|x64
		{2FFA77AC-525E-3EB6-99FB-836ADF2039D2}.RelWithDebInfo|x64.ActiveCfg = RelWithDebInfo|x64
		{2FFA77AC-525E-3EB6-99FB-836ADF2039D2}.RelWithDebInfo|x64.Build.0 = RelWithDebInfo|x64
		{A622C1A6-4AB6-3C3A-925D-46B0AB409860}.Debug|x64.ActiveCfg = Debug|x64
		{A622C1A6-4AB6-3C3A-925D-46B0AB409860}.Debug|x64.Build.0 = Debug|x64
		{A622C1A6-4AB6-3C3A-925D-46B0AB409860}.Release|x64.ActiveCfg = Release|x64
		{A622C1A6-4AB6-3C3A-925D-46B0AB409860}.Release|x64.Build.0 = Release|x64
		{A622C1A6-4AB6-3C3A-925D-46B0AB409860}.RelWithDebInfo|x64.ActiveCfg = RelWithDebInfo|x64
		{A622C1A6-4AB6-3C3A-925D-46B0AB409860}.RelWithDebInfo|x64.Build.0 = RelWithDebInfo|x64
		{C9C38D90-839C-365F-8556-6F9E2E45EC29}.Debug|x64.ActiveCfg = Debug|x64
		{C9C38D90-839C-365F-8556-6F9E2E45EC29}.Debug|x64.Build.0 = Debug|x64
		{C9C38D90-839C-365F-8556-6F9E2E45EC29}.Release|x64.ActiveCfg = Release|x64
		{C9C38D90-839C-365F-8556-6F9E2E45EC29}.Release|x64.Build.0 = Release|x64
		{C9C38D90-839C-365F-8556-6F9E2E45EC29}.RelWithDebInfo|x64.ActiveCfg = RelWithDebInfo|x64
		{C9C38D90-839C-365F-8556-6F9E2E45EC29}.RelWithDebInfo|x64.Build.0 = RelWithDebInfo|x64
		{348A3CAB-4C1C-356C-BFBC-272B58469973}.Debug|x64.ActiveCfg = Debug|x64
		{348A3CAB-4C1C-356C-BFBC-272B58469973}.Debug|x64.Build.0 = Debug|x64
		{348A3CAB-4C1C-356C-BFBC-272B58469973}.Release|x64.ActiveCfg = Release|x64
		{348A3CAB-4C1C-356C-BFBC-272B58469973}.Release|x64.Build.0 = Release|x64
		{348A3CAB-4C1C-356C-BFBC-272B58469973}.RelWithDebInfo|x64.ActiveCfg = RelWithDebInfo|x64
		{348A3CAB-4C1C-356C-BFBC-272B58469973}.RelWithDebInfo|x64.Build.0 = RelWithDebInfo|x64
		{3BA0FE4E-B058-304A-A059-9331579A26BD}.Debug|x64.ActiveCfg = Debug|x64
		{3BA0FE4E-B058-304A-A059-9331579A26BD}.Debug|x64.Build.0 = Debug|x64
		{3BA0FE4E-B058-304A-A059-9331579A26BD}.Release|x64.ActiveCfg = Release|x64
		{3BA0FE4E-B058-304A-A059-9331579A26BD}.Release|x64.Build.0 = Release|x64
		{3BA0FE4E-B058-304A-A059-9331579A26BD}.RelWithDebInfo|x64.ActiveCfg = RelWithDebInfo|x64
		{3BA0FE4E-B058-304A-A059-9331579A26BD}.RelWithDebInfo|x64.Build.0 = RelWithDebInfo|x64
		{ABA069C8-1A86-3346-8F1D-F93F1D72CAD4}.Debug|x64.ActiveCfg = Debug|x64
		{ABA069C8-1A86-3346-8F1D-F93F1D72CAD4}.Debug|x64.Build.0 = Debug|x64
		{ABA069C8-1A86-3346-8F1D-F93F1D72CAD4}.Release|x64.ActiveCfg = Release|x64
		{ABA069C8-1A86-3346-8F1D-F93F1D72CAD4}.Release|x64.Build.0 = Release|x64
		{ABA069C8-1A86-3346-8F1D-F93F1D72CAD4}.RelWithDebInfo|x64.ActiveCfg = RelWithDebInfo|x64
		{ABA069C8-1A86-3346-8F1D-F93F1D72CAD4}.RelWithDebInfo|x64.Build.0 = RelWithDebInfo|x64
		{9B48DB03-0809-3364-AA8C-A0C97FAC62AF}.Debug|x64.ActiveCfg = Debug|x64
		{9B48DB03-0809-3364-AA8C-A0C97FAC62AF}.Debug|x64.Build.0 = Debug|x64
		{9B48DB03-0809-3364-AA8C-A0C97FAC62AF}.Release|x64.ActiveCfg = Release|x64
		{9B48DB03-0809-3364-AA8C-A0C97FAC62AF}.Release|x64.Build.0 = Release|x64
		{9B48DB03-0809-3364-AA8C-A0C97FAC62AF}.RelWithDebInfo|x64.ActiveCfg = RelWithDebInfo|x64
		{9B48DB03-0809-3364-AA8C-A0C97FAC62AF}.RelWithDebInfo|x64.Build.0 = RelWithDebInfo|x64
	EndGlobalSection
	GlobalSection(SolutionProperties) = preSolution
		HideSolutionNode = FALSE
	EndGlobalSection
	GlobalSection(ExtensibilityGlobals) = postSolution
		SolutionGuid = {0BDF234B-DB74-3B63-BB64-5C4CBD75C390}
	EndGlobalSection
EndGlobal
